// !$*UTF8*$!
{
	archiveVersion = 1;
	classes = {
	};
	objectVersion = 46;
	objects = {

/* Begin PBXBuildFile section */
		41015C2C169AB2CA007808D8 /* UIKit.framework in Frameworks */ = {isa = PBXBuildFile; fileRef = 41015C2B169AB2CA007808D8 /* UIKit.framework */; };
		41015C2E169AB2CA007808D8 /* Foundation.framework in Frameworks */ = {isa = PBXBuildFile; fileRef = 41015C2D169AB2CA007808D8 /* Foundation.framework */; };
		41015C30169AB2CA007808D8 /* CoreGraphics.framework in Frameworks */ = {isa = PBXBuildFile; fileRef = 41015C2F169AB2CA007808D8 /* CoreGraphics.framework */; };
		41015C36169AB2CA007808D8 /* InfoPlist.strings in Resources */ = {isa = PBXBuildFile; fileRef = 41015C34169AB2CA007808D8 /* InfoPlist.strings */; };
		41015C38169AB2CA007808D8 /* main.m in Sources */ = {isa = PBXBuildFile; fileRef = 41015C37169AB2CA007808D8 /* main.m */; };
		41015C3C169AB2CA007808D8 /* HLAppDelegate.m in Sources */ = {isa = PBXBuildFile; fileRef = 41015C3B169AB2CA007808D8 /* HLAppDelegate.m */; };
		41015C3E169AB2CA007808D8 /* Default.png in Resources */ = {isa = PBXBuildFile; fileRef = 41015C3D169AB2CA007808D8 /* Default.png */; };
		41015C40169AB2CA007808D8 /* Default@2x.png in Resources */ = {isa = PBXBuildFile; fileRef = 41015C3F169AB2CA007808D8 /* Default@2x.png */; };
		41015C42169AB2CA007808D8 /* Default-568h@2x.png in Resources */ = {isa = PBXBuildFile; fileRef = 41015C41169AB2CA007808D8 /* Default-568h@2x.png */; };
		41015C5F169AB33E007808D8 /* TabBackground.png in Resources */ = {isa = PBXBuildFile; fileRef = 41015C4F169AB33E007808D8 /* TabBackground.png */; };
		41015C60169AB33E007808D8 /* TabBackground@2x.png in Resources */ = {isa = PBXBuildFile; fileRef = 41015C50169AB33E007808D8 /* TabBackground@2x.png */; };
		41015C61169AB33E007808D8 /* TabIconChats.png in Resources */ = {isa = PBXBuildFile; fileRef = 41015C51169AB33E007808D8 /* TabIconChats.png */; };
		41015C62169AB33E007808D8 /* TabIconChats@2x.png in Resources */ = {isa = PBXBuildFile; fileRef = 41015C52169AB33E007808D8 /* TabIconChats@2x.png */; };
		41015C63169AB33E007808D8 /* TabIconSocial.png in Resources */ = {isa = PBXBuildFile; fileRef = 41015C53169AB33E007808D8 /* TabIconSocial.png */; };
		41015C64169AB33E007808D8 /* TabIconSocial@2x.png in Resources */ = {isa = PBXBuildFile; fileRef = 41015C54169AB33E007808D8 /* TabIconSocial@2x.png */; };
		41015C65169AB33E007808D8 /* TabMeMask.png in Resources */ = {isa = PBXBuildFile; fileRef = 41015C55169AB33E007808D8 /* TabMeMask.png */; };
		41015C66169AB33E007808D8 /* TabMeMask@2x.png in Resources */ = {isa = PBXBuildFile; fileRef = 41015C56169AB33E007808D8 /* TabMeMask@2x.png */; };
		41015C67169AB33E007808D8 /* TabSeparator.png in Resources */ = {isa = PBXBuildFile; fileRef = 41015C57169AB33E007808D8 /* TabSeparator.png */; };
		41015C68169AB33E007808D8 /* TabSeparator@2x.png in Resources */ = {isa = PBXBuildFile; fileRef = 41015C58169AB33E007808D8 /* TabSeparator@2x.png */; };
		41015C6B169AB375007808D8 /* HLViewController1.m in Sources */ = {isa = PBXBuildFile; fileRef = 41015C6A169AB375007808D8 /* HLViewController1.m */; };
		41015C6E169AB40E007808D8 /* HLViewController2.m in Sources */ = {isa = PBXBuildFile; fileRef = 41015C6D169AB40E007808D8 /* HLViewController2.m */; };
		41015C71169AB431007808D8 /* HLViewController3.m in Sources */ = {isa = PBXBuildFile; fileRef = 41015C70169AB431007808D8 /* HLViewController3.m */; };
		41015C83169AC66F007808D8 /* BCTab.m in Sources */ = {isa = PBXBuildFile; fileRef = 41015C78169AC66F007808D8 /* BCTab.m */; };
		41015C84169AC66F007808D8 /* BCTabBar.m in Sources */ = {isa = PBXBuildFile; fileRef = 41015C7A169AC66F007808D8 /* BCTabBar.m */; };
		41015C85169AC66F007808D8 /* BCTabBarController.m in Sources */ = {isa = PBXBuildFile; fileRef = 41015C7C169AC66F007808D8 /* BCTabBarController.m */; };
		41015C86169AC66F007808D8 /* BCTabBarView.m in Sources */ = {isa = PBXBuildFile; fileRef = 41015C7E169AC66F007808D8 /* BCTabBarView.m */; };
		41015C87169AC66F007808D8 /* UINavigationController+icons.m in Sources */ = {isa = PBXBuildFile; fileRef = 41015C80169AC66F007808D8 /* UINavigationController+icons.m */; };
		41015C88169AC66F007808D8 /* UIViewController+iconImage.m in Sources */ = {isa = PBXBuildFile; fileRef = 41015C82169AC66F007808D8 /* UIViewController+iconImage.m */; };
		41015C93169AC919007808D8 /* TabBackgroundActive.png in Resources */ = {isa = PBXBuildFile; fileRef = 41015C8D169AC919007808D8 /* TabBackgroundActive.png */; };
		41015C94169AC919007808D8 /* TabBackgroundActive@2x.png in Resources */ = {isa = PBXBuildFile; fileRef = 41015C8E169AC919007808D8 /* TabBackgroundActive@2x.png */; };
		41015C95169AC919007808D8 /* TabIconChatsActive.png in Resources */ = {isa = PBXBuildFile; fileRef = 41015C8F169AC919007808D8 /* TabIconChatsActive.png */; };
		41015C96169AC919007808D8 /* TabIconChatsActive@2x.png in Resources */ = {isa = PBXBuildFile; fileRef = 41015C90169AC919007808D8 /* TabIconChatsActive@2x.png */; };
		41015C97169AC919007808D8 /* TabIconSocialActive.png in Resources */ = {isa = PBXBuildFile; fileRef = 41015C91169AC919007808D8 /* TabIconSocialActive.png */; };
		41015C98169AC919007808D8 /* TabIconSocialActive@2x.png in Resources */ = {isa = PBXBuildFile; fileRef = 41015C92169AC919007808D8 /* TabIconSocialActive@2x.png */; };
/* End PBXBuildFile section */

/* Begin PBXFileReference section */
		41015C27169AB2CA007808D8 /* CustomizedTabBarDemo.app */ = {isa = PBXFileReference; explicitFileType = wrapper.application; includeInIndex = 0; path = CustomizedTabBarDemo.app; sourceTree = BUILT_PRODUCTS_DIR; };
		41015C2B169AB2CA007808D8 /* UIKit.framework */ = {isa = PBXFileReference; lastKnownFileType = wrapper.framework; name = UIKit.framework; path = System/Library/Frameworks/UIKit.framework; sourceTree = SDKROOT; };
		41015C2D169AB2CA007808D8 /* Foundation.framework */ = {isa = PBXFileReference; lastKnownFileType = wrapper.framework; name = Foundation.framework; path = System/Library/Frameworks/Foundation.framework; sourceTree = SDKROOT; };
		41015C2F169AB2CA007808D8 /* CoreGraphics.framework */ = {isa = PBXFileReference; lastKnownFileType = wrapper.framework; name = CoreGraphics.framework; path = System/Library/Frameworks/CoreGraphics.framework; sourceTree = SDKROOT; };
		41015C33169AB2CA007808D8 /* CustomizedTabBarDemo-Info.plist */ = {isa = PBXFileReference; lastKnownFileType = text.plist.xml; path = "CustomizedTabBarDemo-Info.plist"; sourceTree = "<group>"; };
		41015C35169AB2CA007808D8 /* en */ = {isa = PBXFileReference; lastKnownFileType = text.plist.strings; name = en; path = en.lproj/InfoPlist.strings; sourceTree = "<group>"; };
		41015C37169AB2CA007808D8 /* main.m */ = {isa = PBXFileReference; lastKnownFileType = sourcecode.c.objc; path = main.m; sourceTree = "<group>"; };
		41015C39169AB2CA007808D8 /* CustomizedTabBarDemo-Prefix.pch */ = {isa = PBXFileReference; lastKnownFileType = sourcecode.c.h; path = "CustomizedTabBarDemo-Prefix.pch"; sourceTree = "<group>"; };
		41015C3A169AB2CA007808D8 /* HLAppDelegate.h */ = {isa = PBXFileReference; lastKnownFileType = sourcecode.c.h; path = HLAppDelegate.h; sourceTree = "<group>"; };
		41015C3B169AB2CA007808D8 /* HLAppDelegate.m */ = {isa = PBXFileReference; lastKnownFileType = sourcecode.c.objc; path = HLAppDelegate.m; sourceTree = "<group>"; };
		41015C3D169AB2CA007808D8 /* Default.png */ = {isa = PBXFileReference; lastKnownFileType = image.png; path = Default.png; sourceTree = "<group>"; };
		41015C3F169AB2CA007808D8 /* Default@2x.png */ = {isa = PBXFileReference; lastKnownFileType = image.png; path = "Default@2x.png"; sourceTree = "<group>"; };
		41015C41169AB2CA007808D8 /* Default-568h@2x.png */ = {isa = PBXFileReference; lastKnownFileType = image.png; path = "Default-568h@2x.png"; sourceTree = "<group>"; };
		41015C4F169AB33E007808D8 /* TabBackground.png */ = {isa = PBXFileReference; lastKnownFileType = image.png; path = TabBackground.png; sourceTree = "<group>"; };
		41015C50169AB33E007808D8 /* TabBackground@2x.png */ = {isa = PBXFileReference; lastKnownFileType = image.png; path = "TabBackground@2x.png"; sourceTree = "<group>"; };
		41015C51169AB33E007808D8 /* TabIconChats.png */ = {isa = PBXFileReference; lastKnownFileType = image.png; path = TabIconChats.png; sourceTree = "<group>"; };
		41015C52169AB33E007808D8 /* TabIconChats@2x.png */ = {isa = PBXFileReference; lastKnownFileType = image.png; path = "TabIconChats@2x.png"; sourceTree = "<group>"; };
		41015C53169AB33E007808D8 /* TabIconSocial.png */ = {isa = PBXFileReference; lastKnownFileType = image.png; path = TabIconSocial.png; sourceTree = "<group>"; };
		41015C54169AB33E007808D8 /* TabIconSocial@2x.png */ = {isa = PBXFileReference; lastKnownFileType = image.png; path = "TabIconSocial@2x.png"; sourceTree = "<group>"; };
		41015C55169AB33E007808D8 /* TabMeMask.png */ = {isa = PBXFileReference; lastKnownFileType = image.png; path = TabMeMask.png; sourceTree = "<group>"; };
		41015C56169AB33E007808D8 /* TabMeMask@2x.png */ = {isa = PBXFileReference; lastKnownFileType = image.png; path = "TabMeMask@2x.png"; sourceTree = "<group>"; };
		41015C57169AB33E007808D8 /* TabSeparator.png */ = {isa = PBXFileReference; lastKnownFileType = image.png; path = TabSeparator.png; sourceTree = "<group>"; };
		41015C58169AB33E007808D8 /* TabSeparator@2x.png */ = {isa = PBXFileReference; lastKnownFileType = image.png; path = "TabSeparator@2x.png"; sourceTree = "<group>"; };
		41015C69169AB375007808D8 /* HLViewController1.h */ = {isa = PBXFileReference; fileEncoding = 4; lastKnownFileType = sourcecode.c.h; path = HLViewController1.h; sourceTree = "<group>"; };
		41015C6A169AB375007808D8 /* HLViewController1.m */ = {isa = PBXFileReference; fileEncoding = 4; lastKnownFileType = sourcecode.c.objc; path = HLViewController1.m; sourceTree = "<group>"; };
		41015C6C169AB40E007808D8 /* HLViewController2.h */ = {isa = PBXFileReference; fileEncoding = 4; lastKnownFileType = sourcecode.c.h; path = HLViewController2.h; sourceTree = "<group>"; };
		41015C6D169AB40E007808D8 /* HLViewController2.m */ = {isa = PBXFileReference; fileEncoding = 4; lastKnownFileType = sourcecode.c.objc; path = HLViewController2.m; sourceTree = "<group>"; };
		41015C6F169AB431007808D8 /* HLViewController3.h */ = {isa = PBXFileReference; fileEncoding = 4; lastKnownFileType = sourcecode.c.h; path = HLViewController3.h; sourceTree = "<group>"; };
		41015C70169AB431007808D8 /* HLViewController3.m */ = {isa = PBXFileReference; fileEncoding = 4; lastKnownFileType = sourcecode.c.objc; path = HLViewController3.m; sourceTree = "<group>"; };
		41015C77169AC66F007808D8 /* BCTab.h */ = {isa = PBXFileReference; fileEncoding = 4; lastKnownFileType = sourcecode.c.h; path = BCTab.h; sourceTree = "<group>"; };
		41015C78169AC66F007808D8 /* BCTab.m */ = {isa = PBXFileReference; fileEncoding = 4; lastKnownFileType = sourcecode.c.objc; path = BCTab.m; sourceTree = "<group>"; };
		41015C79169AC66F007808D8 /* BCTabBar.h */ = {isa = PBXFileReference; fileEncoding = 4; lastKnownFileType = sourcecode.c.h; path = BCTabBar.h; sourceTree = "<group>"; };
		41015C7A169AC66F007808D8 /* BCTabBar.m */ = {isa = PBXFileReference; fileEncoding = 4; lastKnownFileType = sourcecode.c.objc; path = BCTabBar.m; sourceTree = "<group>"; };
		41015C7B169AC66F007808D8 /* BCTabBarController.h */ = {isa = PBXFileReference; fileEncoding = 4; lastKnownFileType = sourcecode.c.h; path = BCTabBarController.h; sourceTree = "<group>"; };
		41015C7C169AC66F007808D8 /* BCTabBarController.m */ = {isa = PBXFileReference; fileEncoding = 4; lastKnownFileType = sourcecode.c.objc; path = BCTabBarController.m; sourceTree = "<group>"; };
		41015C7D169AC66F007808D8 /* BCTabBarView.h */ = {isa = PBXFileReference; fileEncoding = 4; lastKnownFileType = sourcecode.c.h; path = BCTabBarView.h; sourceTree = "<group>"; };
		41015C7E169AC66F007808D8 /* BCTabBarView.m */ = {isa = PBXFileReference; fileEncoding = 4; lastKnownFileType = sourcecode.c.objc; path = BCTabBarView.m; sourceTree = "<group>"; };
		41015C7F169AC66F007808D8 /* UINavigationController+icons.h */ = {isa = PBXFileReference; fileEncoding = 4; lastKnownFileType = sourcecode.c.h; path = "UINavigationController+icons.h"; sourceTree = "<group>"; };
		41015C80169AC66F007808D8 /* UINavigationController+icons.m */ = {isa = PBXFileReference; fileEncoding = 4; lastKnownFileType = sourcecode.c.objc; path = "UINavigationController+icons.m"; sourceTree = "<group>"; };
		41015C81169AC66F007808D8 /* UIViewController+iconImage.h */ = {isa = PBXFileReference; fileEncoding = 4; lastKnownFileType = sourcecode.c.h; path = "UIViewController+iconImage.h"; sourceTree = "<group>"; };
		41015C82169AC66F007808D8 /* UIViewController+iconImage.m */ = {isa = PBXFileReference; fileEncoding = 4; lastKnownFileType = sourcecode.c.objc; path = "UIViewController+iconImage.m"; sourceTree = "<group>"; };
		41015C8D169AC919007808D8 /* TabBackgroundActive.png */ = {isa = PBXFileReference; lastKnownFileType = image.png; path = TabBackgroundActive.png; sourceTree = "<group>"; };
		41015C8E169AC919007808D8 /* TabBackgroundActive@2x.png */ = {isa = PBXFileReference; lastKnownFileType = image.png; path = "TabBackgroundActive@2x.png"; sourceTree = "<group>"; };
		41015C8F169AC919007808D8 /* TabIconChatsActive.png */ = {isa = PBXFileReference; lastKnownFileType = image.png; path = TabIconChatsActive.png; sourceTree = "<group>"; };
		41015C90169AC919007808D8 /* TabIconChatsActive@2x.png */ = {isa = PBXFileReference; lastKnownFileType = image.png; path = "TabIconChatsActive@2x.png"; sourceTree = "<group>"; };
		41015C91169AC919007808D8 /* TabIconSocialActive.png */ = {isa = PBXFileReference; lastKnownFileType = image.png; path = TabIconSocialActive.png; sourceTree = "<group>"; };
		41015C92169AC919007808D8 /* TabIconSocialActive@2x.png */ = {isa = PBXFileReference; lastKnownFileType = image.png; path = "TabIconSocialActive@2x.png"; sourceTree = "<group>"; };
/* End PBXFileReference section */

/* Begin PBXFrameworksBuildPhase section */
		41015C24169AB2CA007808D8 /* Frameworks */ = {
			isa = PBXFrameworksBuildPhase;
			buildActionMask = 2147483647;
			files = (
				41015C2C169AB2CA007808D8 /* UIKit.framework in Frameworks */,
				41015C2E169AB2CA007808D8 /* Foundation.framework in Frameworks */,
				41015C30169AB2CA007808D8 /* CoreGraphics.framework in Frameworks */,
			);
			runOnlyForDeploymentPostprocessing = 0;
		};
/* End PBXFrameworksBuildPhase section */

/* Begin PBXGroup section */
		41015C1C169AB2CA007808D8 = {
			isa = PBXGroup;
			children = (
				41015C31169AB2CA007808D8 /* CustomizedTabBarDemo */,
				41015C2A169AB2CA007808D8 /* Frameworks */,
				41015C28169AB2CA007808D8 /* Products */,
			);
			sourceTree = "<group>";
		};
		41015C28169AB2CA007808D8 /* Products */ = {
			isa = PBXGroup;
			children = (
				41015C27169AB2CA007808D8 /* CustomizedTabBarDemo.app */,
			);
			name = Products;
			sourceTree = "<group>";
		};
		41015C2A169AB2CA007808D8 /* Frameworks */ = {
			isa = PBXGroup;
			children = (
				41015C2B169AB2CA007808D8 /* UIKit.framework */,
				41015C2D169AB2CA007808D8 /* Foundation.framework */,
				41015C2F169AB2CA007808D8 /* CoreGraphics.framework */,
			);
			name = Frameworks;
			sourceTree = "<group>";
		};
		41015C31169AB2CA007808D8 /* CustomizedTabBarDemo */ = {
			isa = PBXGroup;
			children = (
				41015C76169AC625007808D8 /* BCTab */,
				41015C48169AB2F5007808D8 /* images */,
				41015C3A169AB2CA007808D8 /* HLAppDelegate.h */,
				41015C3B169AB2CA007808D8 /* HLAppDelegate.m */,
				41015C32169AB2CA007808D8 /* Supporting Files */,
				41015C69169AB375007808D8 /* HLViewController1.h */,
				41015C6A169AB375007808D8 /* HLViewController1.m */,
				41015C6C169AB40E007808D8 /* HLViewController2.h */,
				41015C6D169AB40E007808D8 /* HLViewController2.m */,
				41015C6F169AB431007808D8 /* HLViewController3.h */,
				41015C70169AB431007808D8 /* HLViewController3.m */,
			);
			path = CustomizedTabBarDemo;
			sourceTree = "<group>";
		};
		41015C32169AB2CA007808D8 /* Supporting Files */ = {
			isa = PBXGroup;
			children = (
				41015C33169AB2CA007808D8 /* CustomizedTabBarDemo-Info.plist */,
				41015C34169AB2CA007808D8 /* InfoPlist.strings */,
				41015C37169AB2CA007808D8 /* main.m */,
				41015C39169AB2CA007808D8 /* CustomizedTabBarDemo-Prefix.pch */,
				41015C3D169AB2CA007808D8 /* Default.png */,
				41015C3F169AB2CA007808D8 /* Default@2x.png */,
				41015C41169AB2CA007808D8 /* Default-568h@2x.png */,
			);
			name = "Supporting Files";
			sourceTree = "<group>";
		};
		41015C48169AB2F5007808D8 /* images */ = {
			isa = PBXGroup;
			children = (
				41015C4F169AB33E007808D8 /* TabBackground.png */,
				41015C50169AB33E007808D8 /* TabBackground@2x.png */,
				41015C8D169AC919007808D8 /* TabBackgroundActive.png */,
				41015C8E169AC919007808D8 /* TabBackgroundActive@2x.png */,
				41015C51169AB33E007808D8 /* TabIconChats.png */,
				41015C52169AB33E007808D8 /* TabIconChats@2x.png */,
				41015C8F169AC919007808D8 /* TabIconChatsActive.png */,
				41015C90169AC919007808D8 /* TabIconChatsActive@2x.png */,
				41015C53169AB33E007808D8 /* TabIconSocial.png */,
				41015C54169AB33E007808D8 /* TabIconSocial@2x.png */,
				41015C91169AC919007808D8 /* TabIconSocialActive.png */,
				41015C92169AC919007808D8 /* TabIconSocialActive@2x.png */,
				41015C55169AB33E007808D8 /* TabMeMask.png */,
				41015C56169AB33E007808D8 /* TabMeMask@2x.png */,
				41015C57169AB33E007808D8 /* TabSeparator.png */,
				41015C58169AB33E007808D8 /* TabSeparator@2x.png */,
			);
			name = images;
			sourceTree = "<group>";
		};
		41015C76169AC625007808D8 /* BCTab */ = {
			isa = PBXGroup;
			children = (
				41015C77169AC66F007808D8 /* BCTab.h */,
				41015C78169AC66F007808D8 /* BCTab.m */,
				41015C79169AC66F007808D8 /* BCTabBar.h */,
				41015C7A169AC66F007808D8 /* BCTabBar.m */,
				41015C7B169AC66F007808D8 /* BCTabBarController.h */,
				41015C7C169AC66F007808D8 /* BCTabBarController.m */,
				41015C7D169AC66F007808D8 /* BCTabBarView.h */,
				41015C7E169AC66F007808D8 /* BCTabBarView.m */,
				41015C7F169AC66F007808D8 /* UINavigationController+icons.h */,
				41015C80169AC66F007808D8 /* UINavigationController+icons.m */,
				41015C81169AC66F007808D8 /* UIViewController+iconImage.h */,
				41015C82169AC66F007808D8 /* UIViewController+iconImage.m */,
			);
			name = BCTab;
			sourceTree = "<group>";
		};
/* End PBXGroup section */

/* Begin PBXNativeTarget section */
		41015C26169AB2CA007808D8 /* CustomizedTabBarDemo */ = {
			isa = PBXNativeTarget;
			buildConfigurationList = 41015C45169AB2CA007808D8 /* Build configuration list for PBXNativeTarget "CustomizedTabBarDemo" */;
			buildPhases = (
				41015C23169AB2CA007808D8 /* Sources */,
				41015C24169AB2CA007808D8 /* Frameworks */,
				41015C25169AB2CA007808D8 /* Resources */,
			);
			buildRules = (
			);
			dependencies = (
			);
			name = CustomizedTabBarDemo;
			productName = CustomizedTabBarDemo;
			productReference = 41015C27169AB2CA007808D8 /* CustomizedTabBarDemo.app */;
			productType = "com.apple.product-type.application";
		};
/* End PBXNativeTarget section */

/* Begin PBXProject section */
		41015C1E169AB2CA007808D8 /* Project object */ = {
			isa = PBXProject;
			attributes = {
				CLASSPREFIX = HL;
				LastUpgradeCheck = 0450;
				ORGANIZATIONNAME = HailinAn;
			};
			buildConfigurationList = 41015C21169AB2CA007808D8 /* Build configuration list for PBXProject "CustomizedTabBarDemo" */;
			compatibilityVersion = "Xcode 3.2";
			developmentRegion = English;
			hasScannedForEncodings = 0;
			knownRegions = (
				en,
			);
			mainGroup = 41015C1C169AB2CA007808D8;
			productRefGroup = 41015C28169AB2CA007808D8 /* Products */;
			projectDirPath = "";
			projectRoot = "";
			targets = (
				41015C26169AB2CA007808D8 /* CustomizedTabBarDemo */,
			);
		};
/* End PBXProject section */

/* Begin PBXResourcesBuildPhase section */
		41015C25169AB2CA007808D8 /* Resources */ = {
			isa = PBXResourcesBuildPhase;
			buildActionMask = 2147483647;
			files = (
				41015C36169AB2CA007808D8 /* InfoPlist.strings in Resources */,
				41015C3E169AB2CA007808D8 /* Default.png in Resources */,
				41015C40169AB2CA007808D8 /* Default@2x.png in Resources */,
				41015C42169AB2CA007808D8 /* Default-568h@2x.png in Resources */,
				41015C5F169AB33E007808D8 /* TabBackground.png in Resources */,
				41015C60169AB33E007808D8 /* TabBackground@2x.png in Resources */,
				41015C61169AB33E007808D8 /* TabIconChats.png in Resources */,
				41015C62169AB33E007808D8 /* TabIconChats@2x.png in Resources */,
				41015C63169AB33E007808D8 /* TabIconSocial.png in Resources */,
				41015C64169AB33E007808D8 /* TabIconSocial@2x.png in Resources */,
				41015C65169AB33E007808D8 /* TabMeMask.png in Resources */,
				41015C66169AB33E007808D8 /* TabMeMask@2x.png in Resources */,
				41015C67169AB33E007808D8 /* TabSeparator.png in Resources */,
				41015C68169AB33E007808D8 /* TabSeparator@2x.png in Resources */,
				41015C93169AC919007808D8 /* TabBackgroundActive.png in Resources */,
				41015C94169AC919007808D8 /* TabBackgroundActive@2x.png in Resources */,
				41015C95169AC919007808D8 /* TabIconChatsActive.png in Resources */,
				41015C96169AC919007808D8 /* TabIconChatsActive@2x.png in Resources */,
				41015C97169AC919007808D8 /* TabIconSocialActive.png in Resources */,
				41015C98169AC919007808D8 /* TabIconSocialActive@2x.png in Resources */,
			);
			runOnlyForDeploymentPostprocessing = 0;
		};
/* End PBXResourcesBuildPhase section */

/* Begin PBXSourcesBuildPhase section */
		41015C23169AB2CA007808D8 /* Sources */ = {
			isa = PBXSourcesBuildPhase;
			buildActionMask = 2147483647;
			files = (
				41015C38169AB2CA007808D8 /* main.m in Sources */,
				41015C3C169AB2CA007808D8 /* HLAppDelegate.m in Sources */,
				41015C6B169AB375007808D8 /* HLViewController1.m in Sources */,
				41015C6E169AB40E007808D8 /* HLViewController2.m in Sources */,
				41015C71169AB431007808D8 /* HLViewController3.m in Sources */,
				41015C83169AC66F007808D8 /* BCTab.m in Sources */,
				41015C84169AC66F007808D8 /* BCTabBar.m in Sources */,
				41015C85169AC66F007808D8 /* BCTabBarController.m in Sources */,
				41015C86169AC66F007808D8 /* BCTabBarView.m in Sources */,
				41015C87169AC66F007808D8 /* UINavigationController+icons.m in Sources */,
				41015C88169AC66F007808D8 /* UIViewController+iconImage.m in Sources */,
			);
			runOnlyForDeploymentPostprocessing = 0;
		};
/* End PBXSourcesBuildPhase section */

/* Begin PBXVariantGroup section */
		41015C34169AB2CA007808D8 /* InfoPlist.strings */ = {
			isa = PBXVariantGroup;
			children = (
				41015C35169AB2CA007808D8 /* en */,
			);
			name = InfoPlist.strings;
			sourceTree = "<group>";
		};
/* End PBXVariantGroup section */

/* Begin XCBuildConfiguration section */
		41015C43169AB2CA007808D8 /* Debug */ = {
			isa = XCBuildConfiguration;
			buildSettings = {
				ALWAYS_SEARCH_USER_PATHS = NO;
				CLANG_CXX_LANGUAGE_STANDARD = "gnu++0x";
				CLANG_CXX_LIBRARY = "libc++";
				CLANG_WARN_EMPTY_BODY = YES;
				CLANG_WARN__DUPLICATE_METHOD_MATCH = YES;
				"CODE_SIGN_IDENTITY[sdk=iphoneos*]" = "iPhone Developer";
				COPY_PHASE_STRIP = NO;
				GCC_C_LANGUAGE_STANDARD = gnu99;
				GCC_DYNAMIC_NO_PIC = NO;
				GCC_OPTIMIZATION_LEVEL = 0;
				GCC_PREPROCESSOR_DEFINITIONS = (
					"DEBUG=1",
					"$(inherited)",
				);
				GCC_SYMBOLS_PRIVATE_EXTERN = NO;
				GCC_WARN_ABOUT_RETURN_TYPE = YES;
				GCC_WARN_UNINITIALIZED_AUTOS = YES;
				GCC_WARN_UNUSED_VARIABLE = YES;
				IPHONEOS_DEPLOYMENT_TARGET = 5.0;
				ONLY_ACTIVE_ARCH = YES;
				SDKROOT = iphoneos;
			};
			name = Debug;
		};
		41015C44169AB2CA007808D8 /* Release */ = {
			isa = XCBuildConfiguration;
			buildSettings = {
				ALWAYS_SEARCH_USER_PATHS = NO;
				CLANG_CXX_LANGUAGE_STANDARD = "gnu++0x";
				CLANG_CXX_LIBRARY = "libc++";
				CLANG_WARN_EMPTY_BODY = YES;
				CLANG_WARN__DUPLICATE_METHOD_MATCH = YES;
				"CODE_SIGN_IDENTITY[sdk=iphoneos*]" = "iPhone Developer";
				COPY_PHASE_STRIP = YES;
				GCC_C_LANGUAGE_STANDARD = gnu99;
				GCC_WARN_ABOUT_RETURN_TYPE = YES;
				GCC_WARN_UNINITIALIZED_AUTOS = YES;
				GCC_WARN_UNUSED_VARIABLE = YES;
				IPHONEOS_DEPLOYMENT_TARGET = 5.0;
				OTHER_CFLAGS = "-DNS_BLOCK_ASSERTIONS=1";
				SDKROOT = iphoneos;
				VALIDATE_PRODUCT = YES;
			};
			name = Release;
		};
		41015C46169AB2CA007808D8 /* Debug */ = {
			isa = XCBuildConfiguration;
			buildSettings = {
				GCC_PRECOMPILE_PREFIX_HEADER = YES;
				GCC_PREFIX_HEADER = "CustomizedTabBarDemo/CustomizedTabBarDemo-Prefix.pch";
				INFOPLIST_FILE = "CustomizedTabBarDemo/CustomizedTabBarDemo-Info.plist";
				IPHONEOS_DEPLOYMENT_TARGET = 5.0;
				PRODUCT_NAME = "$(TARGET_NAME)";
				WRAPPER_EXTENSION = app;
			};
			name = Debug;
		};
		41015C47169AB2CA007808D8 /* Release */ = {
			isa = XCBuildConfiguration;
			buildSettings = {
				GCC_PRECOMPILE_PREFIX_HEADER = YES;
				GCC_PREFIX_HEADER = "CustomizedTabBarDemo/CustomizedTabBarDemo-Prefix.pch";
				INFOPLIST_FILE = "CustomizedTabBarDemo/CustomizedTabBarDemo-Info.plist";
				IPHONEOS_DEPLOYMENT_TARGET = 5.0;
				PRODUCT_NAME = "$(TARGET_NAME)";
				WRAPPER_EXTENSION = app;
			};
			name = Release;
		};
/* End XCBuildConfiguration section */

/* Begin XCConfigurationList section */
		41015C21169AB2CA007808D8 /* Build configuration list for PBXProject "CustomizedTabBarDemo" */ = {
			isa = XCConfigurationList;
			buildConfigurations = (
				41015C43169AB2CA007808D8 /* Debug */,
				41015C44169AB2CA007808D8 /* Release */,
			);
			defaultConfigurationIsVisible = 0;
			defaultConfigurationName = Release;
		};
		41015C45169AB2CA007808D8 /* Build configuration list for PBXNativeTarget "CustomizedTabBarDemo" */ = {
			isa = XCConfigurationList;
			buildConfigurations = (
				41015C46169AB2CA007808D8 /* Debug */,
				41015C47169AB2CA007808D8 /* Release */,
			);
			defaultConfigurationIsVisible = 0;
		};
/* End XCConfigurationList section */
	};
	rootObject = 41015C1E169AB2CA007808D8 /* Project object */;
}
