// !$*UTF8*$!
{
	archiveVersion = 1;
	classes = {
	};
	objectVersion = 46;
	objects = {

/* Begin PBXBuildFile section */
		4176F42516DB788F00D001AE /* UIKit.framework in Frameworks */ = {isa = PBXBuildFile; fileRef = 4176F42416DB788F00D001AE /* UIKit.framework */; };
		4176F42716DB788F00D001AE /* Foundation.framework in Frameworks */ = {isa = PBXBuildFile; fileRef = 4176F42616DB788F00D001AE /* Foundation.framework */; };
		4176F42916DB788F00D001AE /* CoreGraphics.framework in Frameworks */ = {isa = PBXBuildFile; fileRef = 4176F42816DB788F00D001AE /* CoreGraphics.framework */; };
		4176F42F16DB788F00D001AE /* InfoPlist.strings in Resources */ = {isa = PBXBuildFile; fileRef = 4176F42D16DB788F00D001AE /* InfoPlist.strings */; };
		4176F43116DB788F00D001AE /* main.m in Sources */ = {isa = PBXBuildFile; fileRef = 4176F43016DB788F00D001AE /* main.m */; };
		4176F43516DB788F00D001AE /* MOAppDelegate.m in Sources */ = {isa = PBXBuildFile; fileRef = 4176F43416DB788F00D001AE /* MOAppDelegate.m */; };
		4176F43716DB788F00D001AE /* Default.png in Resources */ = {isa = PBXBuildFile; fileRef = 4176F43616DB788F00D001AE /* Default.png */; };
		4176F43916DB788F00D001AE /* Default@2x.png in Resources */ = {isa = PBXBuildFile; fileRef = 4176F43816DB788F00D001AE /* Default@2x.png */; };
		4176F43B16DB788F00D001AE /* Default-568h@2x.png in Resources */ = {isa = PBXBuildFile; fileRef = 4176F43A16DB788F00D001AE /* Default-568h@2x.png */; };
		4176F43E16DB788F00D001AE /* MOViewController.m in Sources */ = {isa = PBXBuildFile; fileRef = 4176F43D16DB788F00D001AE /* MOViewController.m */; };
		4176F44116DB788F00D001AE /* MOViewController.xib in Resources */ = {isa = PBXBuildFile; fileRef = 4176F43F16DB788F00D001AE /* MOViewController.xib */; };
		4176F44816DB7AE300D001AE /* libsqlite3.dylib in Frameworks */ = {isa = PBXBuildFile; fileRef = 4176F44716DB7AE300D001AE /* libsqlite3.dylib */; };
/* End PBXBuildFile section */

/* Begin PBXFileReference section */
		4176F42116DB788F00D001AE /* PersistenceWithSQLiteDemo.app */ = {isa = PBXFileReference; explicitFileType = wrapper.application; includeInIndex = 0; path = PersistenceWithSQLiteDemo.app; sourceTree = BUILT_PRODUCTS_DIR; };
		4176F42416DB788F00D001AE /* UIKit.framework */ = {isa = PBXFileReference; lastKnownFileType = wrapper.framework; name = UIKit.framework; path = System/Library/Frameworks/UIKit.framework; sourceTree = SDKROOT; };
		4176F42616DB788F00D001AE /* Foundation.framework */ = {isa = PBXFileReference; lastKnownFileType = wrapper.framework; name = Foundation.framework; path = System/Library/Frameworks/Foundation.framework; sourceTree = SDKROOT; };
		4176F42816DB788F00D001AE /* CoreGraphics.framework */ = {isa = PBXFileReference; lastKnownFileType = wrapper.framework; name = CoreGraphics.framework; path = System/Library/Frameworks/CoreGraphics.framework; sourceTree = SDKROOT; };
		4176F42C16DB788F00D001AE /* PersistenceWithSQLiteDemo-Info.plist */ = {isa = PBXFileReference; lastKnownFileType = text.plist.xml; path = "PersistenceWithSQLiteDemo-Info.plist"; sourceTree = "<group>"; };
		4176F42E16DB788F00D001AE /* en */ = {isa = PBXFileReference; lastKnownFileType = text.plist.strings; name = en; path = en.lproj/InfoPlist.strings; sourceTree = "<group>"; };
		4176F43016DB788F00D001AE /* main.m */ = {isa = PBXFileReference; lastKnownFileType = sourcecode.c.objc; path = main.m; sourceTree = "<group>"; };
		4176F43216DB788F00D001AE /* PersistenceWithSQLiteDemo-Prefix.pch */ = {isa = PBXFileReference; lastKnownFileType = sourcecode.c.h; path = "PersistenceWithSQLiteDemo-Prefix.pch"; sourceTree = "<group>"; };
		4176F43316DB788F00D001AE /* MOAppDelegate.h */ = {isa = PBXFileReference; lastKnownFileType = sourcecode.c.h; path = MOAppDelegate.h; sourceTree = "<group>"; };
		4176F43416DB788F00D001AE /* MOAppDelegate.m */ = {isa = PBXFileReference; lastKnownFileType = sourcecode.c.objc; path = MOAppDelegate.m; sourceTree = "<group>"; };
		4176F43616DB788F00D001AE /* Default.png */ = {isa = PBXFileReference; lastKnownFileType = image.png; path = Default.png; sourceTree = "<group>"; };
		4176F43816DB788F00D001AE /* Default@2x.png */ = {isa = PBXFileReference; lastKnownFileType = image.png; path = "Default@2x.png"; sourceTree = "<group>"; };
		4176F43A16DB788F00D001AE /* Default-568h@2x.png */ = {isa = PBXFileReference; lastKnownFileType = image.png; path = "Default-568h@2x.png"; sourceTree = "<group>"; };
		4176F43C16DB788F00D001AE /* MOViewController.h */ = {isa = PBXFileReference; lastKnownFileType = sourcecode.c.h; path = MOViewController.h; sourceTree = "<group>"; };
		4176F43D16DB788F00D001AE /* MOViewController.m */ = {isa = PBXFileReference; lastKnownFileType = sourcecode.c.objc; path = MOViewController.m; sourceTree = "<group>"; };
		4176F44016DB788F00D001AE /* en */ = {isa = PBXFileReference; lastKnownFileType = file.xib; name = en; path = en.lproj/MOViewController.xib; sourceTree = "<group>"; };
		4176F44716DB7AE300D001AE /* libsqlite3.dylib */ = {isa = PBXFileReference; lastKnownFileType = "compiled.mach-o.dylib"; name = libsqlite3.dylib; path = usr/lib/libsqlite3.dylib; sourceTree = SDKROOT; };
/* End PBXFileReference section */

/* Begin PBXFrameworksBuildPhase section */
		4176F41E16DB788F00D001AE /* Frameworks */ = {
			isa = PBXFrameworksBuildPhase;
			buildActionMask = 2147483647;
			files = (
				4176F44816DB7AE300D001AE /* libsqlite3.dylib in Frameworks */,
				4176F42516DB788F00D001AE /* UIKit.framework in Frameworks */,
				4176F42716DB788F00D001AE /* Foundation.framework in Frameworks */,
				4176F42916DB788F00D001AE /* CoreGraphics.framework in Frameworks */,
			);
			runOnlyForDeploymentPostprocessing = 0;
		};
/* End PBXFrameworksBuildPhase section */

/* Begin PBXGroup section */
		4176F41816DB788F00D001AE = {
			isa = PBXGroup;
			children = (
				4176F42A16DB788F00D001AE /* PersistenceWithSQLiteDemo */,
				4176F42316DB788F00D001AE /* Frameworks */,
				4176F42216DB788F00D001AE /* Products */,
			);
			sourceTree = "<group>";
		};
		4176F42216DB788F00D001AE /* Products */ = {
			isa = PBXGroup;
			children = (
				4176F42116DB788F00D001AE /* PersistenceWithSQLiteDemo.app */,
			);
			name = Products;
			sourceTree = "<group>";
		};
		4176F42316DB788F00D001AE /* Frameworks */ = {
			isa = PBXGroup;
			children = (
				4176F44716DB7AE300D001AE /* libsqlite3.dylib */,
				4176F42416DB788F00D001AE /* UIKit.framework */,
				4176F42616DB788F00D001AE /* Foundation.framework */,
				4176F42816DB788F00D001AE /* CoreGraphics.framework */,
			);
			name = Frameworks;
			sourceTree = "<group>";
		};
		4176F42A16DB788F00D001AE /* PersistenceWithSQLiteDemo */ = {
			isa = PBXGroup;
			children = (
				4176F43316DB788F00D001AE /* MOAppDelegate.h */,
				4176F43416DB788F00D001AE /* MOAppDelegate.m */,
				4176F43C16DB788F00D001AE /* MOViewController.h */,
				4176F43D16DB788F00D001AE /* MOViewController.m */,
				4176F43F16DB788F00D001AE /* MOViewController.xib */,
				4176F42B16DB788F00D001AE /* Supporting Files */,
			);
			path = PersistenceWithSQLiteDemo;
			sourceTree = "<group>";
		};
		4176F42B16DB788F00D001AE /* Supporting Files */ = {
			isa = PBXGroup;
			children = (
				4176F42C16DB788F00D001AE /* PersistenceWithSQLiteDemo-Info.plist */,
				4176F42D16DB788F00D001AE /* InfoPlist.strings */,
				4176F43016DB788F00D001AE /* main.m */,
				4176F43216DB788F00D001AE /* PersistenceWithSQLiteDemo-Prefix.pch */,
				4176F43616DB788F00D001AE /* Default.png */,
				4176F43816DB788F00D001AE /* Default@2x.png */,
				4176F43A16DB788F00D001AE /* Default-568h@2x.png */,
			);
			name = "Supporting Files";
			sourceTree = "<group>";
		};
/* End PBXGroup section */

/* Begin PBXNativeTarget section */
		4176F42016DB788F00D001AE /* PersistenceWithSQLiteDemo */ = {
			isa = PBXNativeTarget;
			buildConfigurationList = 4176F44416DB788F00D001AE /* Build configuration list for PBXNativeTarget "PersistenceWithSQLiteDemo" */;
			buildPhases = (
				4176F41D16DB788F00D001AE /* Sources */,
				4176F41E16DB788F00D001AE /* Frameworks */,
				4176F41F16DB788F00D001AE /* Resources */,
			);
			buildRules = (
			);
			dependencies = (
			);
			name = PersistenceWithSQLiteDemo;
			productName = PersistenceWithSQLiteDemo;
			productReference = 4176F42116DB788F00D001AE /* PersistenceWithSQLiteDemo.app */;
			productType = "com.apple.product-type.application";
		};
/* End PBXNativeTarget section */

/* Begin PBXProject section */
		4176F41916DB788F00D001AE /* Project object */ = {
			isa = PBXProject;
			attributes = {
				CLASSPREFIX = MO;
				LastUpgradeCheck = 0460;
				ORGANIZATIONNAME = mozat;
			};
			buildConfigurationList = 4176F41C16DB788F00D001AE /* Build configuration list for PBXProject "PersistenceWithSQLiteDemo" */;
			compatibilityVersion = "Xcode 3.2";
			developmentRegion = English;
			hasScannedForEncodings = 0;
			knownRegions = (
				en,
			);
			mainGroup = 4176F41816DB788F00D001AE;
			productRefGroup = 4176F42216DB788F00D001AE /* Products */;
			projectDirPath = "";
			projectRoot = "";
			targets = (
				4176F42016DB788F00D001AE /* PersistenceWithSQLiteDemo */,
			);
		};
/* End PBXProject section */

/* Begin PBXResourcesBuildPhase section */
		4176F41F16DB788F00D001AE /* Resources */ = {
			isa = PBXResourcesBuildPhase;
			buildActionMask = 2147483647;
			files = (
				4176F42F16DB788F00D001AE /* InfoPlist.strings in Resources */,
				4176F43716DB788F00D001AE /* Default.png in Resources */,
				4176F43916DB788F00D001AE /* Default@2x.png in Resources */,
				4176F43B16DB788F00D001AE /* Default-568h@2x.png in Resources */,
				4176F44116DB788F00D001AE /* MOViewController.xib in Resources */,
			);
			runOnlyForDeploymentPostprocessing = 0;
		};
/* End PBXResourcesBuildPhase section */

/* Begin PBXSourcesBuildPhase section */
		4176F41D16DB788F00D001AE /* Sources */ = {
			isa = PBXSourcesBuildPhase;
			buildActionMask = 2147483647;
			files = (
				4176F43116DB788F00D001AE /* main.m in Sources */,
				4176F43516DB788F00D001AE /* MOAppDelegate.m in Sources */,
				4176F43E16DB788F00D001AE /* MOViewController.m in Sources */,
			);
			runOnlyForDeploymentPostprocessing = 0;
		};
/* End PBXSourcesBuildPhase section */

/* Begin PBXVariantGroup section */
		4176F42D16DB788F00D001AE /* InfoPlist.strings */ = {
			isa = PBXVariantGroup;
			children = (
				4176F42E16DB788F00D001AE /* en */,
			);
			name = InfoPlist.strings;
			sourceTree = "<group>";
		};
		4176F43F16DB788F00D001AE /* MOViewController.xib */ = {
			isa = PBXVariantGroup;
			children = (
				4176F44016DB788F00D001AE /* en */,
			);
			name = MOViewController.xib;
			sourceTree = "<group>";
		};
/* End PBXVariantGroup section */

/* Begin XCBuildConfiguration section */
		4176F44216DB788F00D001AE /* Debug */ = {
			isa = XCBuildConfiguration;
			buildSettings = {
				ALWAYS_SEARCH_USER_PATHS = NO;
				CLANG_CXX_LANGUAGE_STANDARD = "gnu++0x";
				CLANG_CXX_LIBRARY = "libc++";
				CLANG_WARN_CONSTANT_CONVERSION = YES;
				CLANG_WARN_EMPTY_BODY = YES;
				CLANG_WARN_ENUM_CONVERSION = YES;
				CLANG_WARN_INT_CONVERSION = YES;
				CLANG_WARN__DUPLICATE_METHOD_MATCH = YES;
				"CODE_SIGN_IDENTITY[sdk=iphoneos*]" = "iPhone Developer";
				COPY_PHASE_STRIP = NO;
				GCC_C_LANGUAGE_STANDARD = gnu99;
				GCC_DYNAMIC_NO_PIC = NO;
				GCC_OPTIMIZATION_LEVEL = 0;
				GCC_PREPROCESSOR_DEFINITIONS = (
					"DEBUG=1",
					"$(inherited)",
				);
				GCC_SYMBOLS_PRIVATE_EXTERN = NO;
				GCC_WARN_ABOUT_RETURN_TYPE = YES;
				GCC_WARN_UNINITIALIZED_AUTOS = YES;
				GCC_WARN_UNUSED_VARIABLE = YES;
				IPHONEOS_DEPLOYMENT_TARGET = 5.0;
				ONLY_ACTIVE_ARCH = YES;
				SDKROOT = iphoneos;
			};
			name = Debug;
		};
		4176F44316DB788F00D001AE /* Release */ = {
			isa = XCBuildConfiguration;
			buildSettings = {
				ALWAYS_SEARCH_USER_PATHS = NO;
				CLANG_CXX_LANGUAGE_STANDARD = "gnu++0x";
				CLANG_CXX_LIBRARY = "libc++";
				CLANG_WARN_CONSTANT_CONVERSION = YES;
				CLANG_WARN_EMPTY_BODY = YES;
				CLANG_WARN_ENUM_CONVERSION = YES;
				CLANG_WARN_INT_CONVERSION = YES;
				CLANG_WARN__DUPLICATE_METHOD_MATCH = YES;
				"CODE_SIGN_IDENTITY[sdk=iphoneos*]" = "iPhone Developer";
				COPY_PHASE_STRIP = YES;
				GCC_C_LANGUAGE_STANDARD = gnu99;
				GCC_WARN_ABOUT_RETURN_TYPE = YES;
				GCC_WARN_UNINITIALIZED_AUTOS = YES;
				GCC_WARN_UNUSED_VARIABLE = YES;
				IPHONEOS_DEPLOYMENT_TARGET = 5.0;
				OTHER_CFLAGS = "-DNS_BLOCK_ASSERTIONS=1";
				SDKROOT = iphoneos;
				VALIDATE_PRODUCT = YES;
			};
			name = Release;
		};
		4176F44516DB788F00D001AE /* Debug */ = {
			isa = XCBuildConfiguration;
			buildSettings = {
				GCC_PRECOMPILE_PREFIX_HEADER = YES;
				GCC_PREFIX_HEADER = "PersistenceWithSQLiteDemo/PersistenceWithSQLiteDemo-Prefix.pch";
				INFOPLIST_FILE = "PersistenceWithSQLiteDemo/PersistenceWithSQLiteDemo-Info.plist";
				IPHONEOS_DEPLOYMENT_TARGET = 5.0;
				PRODUCT_NAME = "$(TARGET_NAME)";
				WRAPPER_EXTENSION = app;
			};
			name = Debug;
		};
		4176F44616DB788F00D001AE /* Release */ = {
			isa = XCBuildConfiguration;
			buildSettings = {
				GCC_PRECOMPILE_PREFIX_HEADER = YES;
				GCC_PREFIX_HEADER = "PersistenceWithSQLiteDemo/PersistenceWithSQLiteDemo-Prefix.pch";
				INFOPLIST_FILE = "PersistenceWithSQLiteDemo/PersistenceWithSQLiteDemo-Info.plist";
				IPHONEOS_DEPLOYMENT_TARGET = 5.0;
				PRODUCT_NAME = "$(TARGET_NAME)";
				WRAPPER_EXTENSION = app;
			};
			name = Release;
		};
/* End XCBuildConfiguration section */

/* Begin XCConfigurationList section */
		4176F41C16DB788F00D001AE /* Build configuration list for PBXProject "PersistenceWithSQLiteDemo" */ = {
			isa = XCConfigurationList;
			buildConfigurations = (
				4176F44216DB788F00D001AE /* Debug */,
				4176F44316DB788F00D001AE /* Release */,
			);
			defaultConfigurationIsVisible = 0;
			defaultConfigurationName = Release;
		};
		4176F44416DB788F00D001AE /* Build configuration list for PBXNativeTarget "PersistenceWithSQLiteDemo" */ = {
			isa = XCConfigurationList;
			buildConfigurations = (
				4176F44516DB788F00D001AE /* Debug */,
				4176F44616DB788F00D001AE /* Release */,
			);
			defaultConfigurationIsVisible = 0;
			defaultConfigurationName = Release;
		};
/* End XCConfigurationList section */
	};
	rootObject = 4176F41916DB788F00D001AE /* Project object */;
}
