// !$*UTF8*$!
{
	archiveVersion = 1;
	classes = {
	};
	objectVersion = 46;
	objects = {

/* Begin PBXBuildFile section */
		41550A6716E89DC2007F1CDF /* UnreadCountIndicator.png in Resources */ = {isa = PBXBuildFile; fileRef = 41550A6516E89DC2007F1CDF /* UnreadCountIndicator.png */; };
		41550A6816E89DC2007F1CDF /* UnreadCountIndicator@2x.png in Resources */ = {isa = PBXBuildFile; fileRef = 41550A6616E89DC2007F1CDF /* UnreadCountIndicator@2x.png */; };
		41550A6B16E89DE1007F1CDF /* MOBadgeView.m in Sources */ = {isa = PBXBuildFile; fileRef = 41550A6A16E89DE1007F1CDF /* MOBadgeView.m */; };
		417F54FB175C848900268AAE /* MOBadgeViewController.m in Sources */ = {isa = PBXBuildFile; fileRef = 417F54F9175C848900268AAE /* MOBadgeViewController.m */; };
		417F54FC175C848900268AAE /* MOBadgeViewController.xib in Resources */ = {isa = PBXBuildFile; fileRef = 417F54FA175C848900268AAE /* MOBadgeViewController.xib */; };
		41FBEB4316E48351001517EC /* UIKit.framework in Frameworks */ = {isa = PBXBuildFile; fileRef = 41FBEB4216E48351001517EC /* UIKit.framework */; };
		41FBEB4516E48351001517EC /* Foundation.framework in Frameworks */ = {isa = PBXBuildFile; fileRef = 41FBEB4416E48351001517EC /* Foundation.framework */; };
		41FBEB4716E48351001517EC /* CoreGraphics.framework in Frameworks */ = {isa = PBXBuildFile; fileRef = 41FBEB4616E48351001517EC /* CoreGraphics.framework */; };
		41FBEB4D16E48351001517EC /* InfoPlist.strings in Resources */ = {isa = PBXBuildFile; fileRef = 41FBEB4B16E48351001517EC /* InfoPlist.strings */; };
		41FBEB4F16E48351001517EC /* main.m in Sources */ = {isa = PBXBuildFile; fileRef = 41FBEB4E16E48351001517EC /* main.m */; };
		41FBEB5316E48351001517EC /* MOAppDelegate.m in Sources */ = {isa = PBXBuildFile; fileRef = 41FBEB5216E48351001517EC /* MOAppDelegate.m */; };
		41FBEB5516E48351001517EC /* Default.png in Resources */ = {isa = PBXBuildFile; fileRef = 41FBEB5416E48351001517EC /* Default.png */; };
		41FBEB5716E48351001517EC /* Default@2x.png in Resources */ = {isa = PBXBuildFile; fileRef = 41FBEB5616E48351001517EC /* Default@2x.png */; };
		41FBEB5916E48351001517EC /* Default-568h@2x.png in Resources */ = {isa = PBXBuildFile; fileRef = 41FBEB5816E48351001517EC /* Default-568h@2x.png */; };
		41FBEB5C16E48351001517EC /* MOViewController.m in Sources */ = {isa = PBXBuildFile; fileRef = 41FBEB5B16E48351001517EC /* MOViewController.m */; };
		41FBEB5F16E48351001517EC /* MOViewController.xib in Resources */ = {isa = PBXBuildFile; fileRef = 41FBEB5D16E48351001517EC /* MOViewController.xib */; };
		41FBEB6716E48366001517EC /* UICharCountingTextView.m in Sources */ = {isa = PBXBuildFile; fileRef = 41FBEB6616E48366001517EC /* UICharCountingTextView.m */; };
		41FBEB6A16E49CAC001517EC /* QuartzCore.framework in Frameworks */ = {isa = PBXBuildFile; fileRef = 41FBEB6916E49CAC001517EC /* QuartzCore.framework */; };
/* End PBXBuildFile section */

/* Begin PBXFileReference section */
		41550A6516E89DC2007F1CDF /* UnreadCountIndicator.png */ = {isa = PBXFileReference; lastKnownFileType = image.png; path = UnreadCountIndicator.png; sourceTree = "<group>"; };
		41550A6616E89DC2007F1CDF /* UnreadCountIndicator@2x.png */ = {isa = PBXFileReference; lastKnownFileType = image.png; path = "UnreadCountIndicator@2x.png"; sourceTree = "<group>"; };
		41550A6916E89DE1007F1CDF /* MOBadgeView.h */ = {isa = PBXFileReference; fileEncoding = 4; lastKnownFileType = sourcecode.c.h; path = MOBadgeView.h; sourceTree = "<group>"; };
		41550A6A16E89DE1007F1CDF /* MOBadgeView.m */ = {isa = PBXFileReference; fileEncoding = 4; lastKnownFileType = sourcecode.c.objc; path = MOBadgeView.m; sourceTree = "<group>"; };
		417F54F8175C848800268AAE /* MOBadgeViewController.h */ = {isa = PBXFileReference; fileEncoding = 4; lastKnownFileType = sourcecode.c.h; path = MOBadgeViewController.h; sourceTree = "<group>"; };
		417F54F9175C848900268AAE /* MOBadgeViewController.m */ = {isa = PBXFileReference; fileEncoding = 4; lastKnownFileType = sourcecode.c.objc; path = MOBadgeViewController.m; sourceTree = "<group>"; };
		417F54FA175C848900268AAE /* MOBadgeViewController.xib */ = {isa = PBXFileReference; fileEncoding = 4; lastKnownFileType = file.xib; path = MOBadgeViewController.xib; sourceTree = "<group>"; };
		41FBEB3F16E48351001517EC /* UICharCountingTextView.app */ = {isa = PBXFileReference; explicitFileType = wrapper.application; includeInIndex = 0; path = UICharCountingTextView.app; sourceTree = BUILT_PRODUCTS_DIR; };
		41FBEB4216E48351001517EC /* UIKit.framework */ = {isa = PBXFileReference; lastKnownFileType = wrapper.framework; name = UIKit.framework; path = System/Library/Frameworks/UIKit.framework; sourceTree = SDKROOT; };
		41FBEB4416E48351001517EC /* Foundation.framework */ = {isa = PBXFileReference; lastKnownFileType = wrapper.framework; name = Foundation.framework; path = System/Library/Frameworks/Foundation.framework; sourceTree = SDKROOT; };
		41FBEB4616E48351001517EC /* CoreGraphics.framework */ = {isa = PBXFileReference; lastKnownFileType = wrapper.framework; name = CoreGraphics.framework; path = System/Library/Frameworks/CoreGraphics.framework; sourceTree = SDKROOT; };
		41FBEB4A16E48351001517EC /* UICharCountingTextView-Info.plist */ = {isa = PBXFileReference; lastKnownFileType = text.plist.xml; path = "UICharCountingTextView-Info.plist"; sourceTree = "<group>"; };
		41FBEB4C16E48351001517EC /* en */ = {isa = PBXFileReference; lastKnownFileType = text.plist.strings; name = en; path = en.lproj/InfoPlist.strings; sourceTree = "<group>"; };
		41FBEB4E16E48351001517EC /* main.m */ = {isa = PBXFileReference; lastKnownFileType = sourcecode.c.objc; path = main.m; sourceTree = "<group>"; };
		41FBEB5016E48351001517EC /* UICharCountingTextView-Prefix.pch */ = {isa = PBXFileReference; lastKnownFileType = sourcecode.c.h; path = "UICharCountingTextView-Prefix.pch"; sourceTree = "<group>"; };
		41FBEB5116E48351001517EC /* MOAppDelegate.h */ = {isa = PBXFileReference; lastKnownFileType = sourcecode.c.h; path = MOAppDelegate.h; sourceTree = "<group>"; };
		41FBEB5216E48351001517EC /* MOAppDelegate.m */ = {isa = PBXFileReference; lastKnownFileType = sourcecode.c.objc; path = MOAppDelegate.m; sourceTree = "<group>"; };
		41FBEB5416E48351001517EC /* Default.png */ = {isa = PBXFileReference; lastKnownFileType = image.png; path = Default.png; sourceTree = "<group>"; };
		41FBEB5616E48351001517EC /* Default@2x.png */ = {isa = PBXFileReference; lastKnownFileType = image.png; path = "Default@2x.png"; sourceTree = "<group>"; };
		41FBEB5816E48351001517EC /* Default-568h@2x.png */ = {isa = PBXFileReference; lastKnownFileType = image.png; path = "Default-568h@2x.png"; sourceTree = "<group>"; };
		41FBEB5A16E48351001517EC /* MOViewController.h */ = {isa = PBXFileReference; lastKnownFileType = sourcecode.c.h; path = MOViewController.h; sourceTree = "<group>"; };
		41FBEB5B16E48351001517EC /* MOViewController.m */ = {isa = PBXFileReference; lastKnownFileType = sourcecode.c.objc; path = MOViewController.m; sourceTree = "<group>"; };
		41FBEB5E16E48351001517EC /* en */ = {isa = PBXFileReference; lastKnownFileType = file.xib; name = en; path = en.lproj/MOViewController.xib; sourceTree = "<group>"; };
		41FBEB6516E48366001517EC /* UICharCountingTextView.h */ = {isa = PBXFileReference; fileEncoding = 4; lastKnownFileType = sourcecode.c.h; path = UICharCountingTextView.h; sourceTree = "<group>"; };
		41FBEB6616E48366001517EC /* UICharCountingTextView.m */ = {isa = PBXFileReference; fileEncoding = 4; lastKnownFileType = sourcecode.c.objc; path = UICharCountingTextView.m; sourceTree = "<group>"; };
		41FBEB6916E49CAC001517EC /* QuartzCore.framework */ = {isa = PBXFileReference; lastKnownFileType = wrapper.framework; name = QuartzCore.framework; path = System/Library/Frameworks/QuartzCore.framework; sourceTree = SDKROOT; };
/* End PBXFileReference section */

/* Begin PBXFrameworksBuildPhase section */
		41FBEB3C16E48351001517EC /* Frameworks */ = {
			isa = PBXFrameworksBuildPhase;
			buildActionMask = 2147483647;
			files = (
				41FBEB6A16E49CAC001517EC /* QuartzCore.framework in Frameworks */,
				41FBEB4316E48351001517EC /* UIKit.framework in Frameworks */,
				41FBEB4516E48351001517EC /* Foundation.framework in Frameworks */,
				41FBEB4716E48351001517EC /* CoreGraphics.framework in Frameworks */,
			);
			runOnlyForDeploymentPostprocessing = 0;
		};
/* End PBXFrameworksBuildPhase section */

/* Begin PBXGroup section */
		41FBEB3616E48351001517EC = {
			isa = PBXGroup;
			children = (
				41FBEB4816E48351001517EC /* UICharCountingTextView */,
				41FBEB4116E48351001517EC /* Frameworks */,
				41FBEB4016E48351001517EC /* Products */,
			);
			sourceTree = "<group>";
		};
		41FBEB4016E48351001517EC /* Products */ = {
			isa = PBXGroup;
			children = (
				41FBEB3F16E48351001517EC /* UICharCountingTextView.app */,
			);
			name = Products;
			sourceTree = "<group>";
		};
		41FBEB4116E48351001517EC /* Frameworks */ = {
			isa = PBXGroup;
			children = (
				41FBEB6916E49CAC001517EC /* QuartzCore.framework */,
				41FBEB4216E48351001517EC /* UIKit.framework */,
				41FBEB4416E48351001517EC /* Foundation.framework */,
				41FBEB4616E48351001517EC /* CoreGraphics.framework */,
			);
			name = Frameworks;
			sourceTree = "<group>";
		};
		41FBEB4816E48351001517EC /* UICharCountingTextView */ = {
			isa = PBXGroup;
			children = (
				41FBEB6516E48366001517EC /* UICharCountingTextView.h */,
				41FBEB6616E48366001517EC /* UICharCountingTextView.m */,
				41FBEB5116E48351001517EC /* MOAppDelegate.h */,
				41FBEB5216E48351001517EC /* MOAppDelegate.m */,
				41FBEB5A16E48351001517EC /* MOViewController.h */,
				41FBEB5B16E48351001517EC /* MOViewController.m */,
				41FBEB5D16E48351001517EC /* MOViewController.xib */,
				41550A6916E89DE1007F1CDF /* MOBadgeView.h */,
				41550A6A16E89DE1007F1CDF /* MOBadgeView.m */,
				417F54F8175C848800268AAE /* MOBadgeViewController.h */,
				417F54F9175C848900268AAE /* MOBadgeViewController.m */,
				417F54FA175C848900268AAE /* MOBadgeViewController.xib */,
				41FBEB4916E48351001517EC /* Supporting Files */,
			);
			name = UICharCountingTextView;
			path = PlaceHolerTextView;
			sourceTree = "<group>";
		};
		41FBEB4916E48351001517EC /* Supporting Files */ = {
			isa = PBXGroup;
			children = (
				41550A6516E89DC2007F1CDF /* UnreadCountIndicator.png */,
				41550A6616E89DC2007F1CDF /* UnreadCountIndicator@2x.png */,
				41FBEB4A16E48351001517EC /* UICharCountingTextView-Info.plist */,
				41FBEB4B16E48351001517EC /* InfoPlist.strings */,
				41FBEB4E16E48351001517EC /* main.m */,
				41FBEB5016E48351001517EC /* UICharCountingTextView-Prefix.pch */,
				41FBEB5416E48351001517EC /* Default.png */,
				41FBEB5616E48351001517EC /* Default@2x.png */,
				41FBEB5816E48351001517EC /* Default-568h@2x.png */,
			);
			name = "Supporting Files";
			sourceTree = "<group>";
		};
/* End PBXGroup section */

/* Begin PBXNativeTarget section */
		41FBEB3E16E48351001517EC /* UICharCountingTextView */ = {
			isa = PBXNativeTarget;
			buildConfigurationList = 41FBEB6216E48351001517EC /* Build configuration list for PBXNativeTarget "UICharCountingTextView" */;
			buildPhases = (
				41FBEB3B16E48351001517EC /* Sources */,
				41FBEB3C16E48351001517EC /* Frameworks */,
				41FBEB3D16E48351001517EC /* Resources */,
			);
			buildRules = (
			);
			dependencies = (
			);
			name = UICharCountingTextView;
			productName = PlaceHolerTextView;
			productReference = 41FBEB3F16E48351001517EC /* UICharCountingTextView.app */;
			productType = "com.apple.product-type.application";
		};
/* End PBXNativeTarget section */

/* Begin PBXProject section */
		41FBEB3716E48351001517EC /* Project object */ = {
			isa = PBXProject;
			attributes = {
				CLASSPREFIX = MO;
				LastUpgradeCheck = 0460;
				ORGANIZATIONNAME = mozat;
			};
			buildConfigurationList = 41FBEB3A16E48351001517EC /* Build configuration list for PBXProject "UICharCountingTextView" */;
			compatibilityVersion = "Xcode 3.2";
			developmentRegion = English;
			hasScannedForEncodings = 0;
			knownRegions = (
				en,
			);
			mainGroup = 41FBEB3616E48351001517EC;
			productRefGroup = 41FBEB4016E48351001517EC /* Products */;
			projectDirPath = "";
			projectRoot = "";
			targets = (
				41FBEB3E16E48351001517EC /* UICharCountingTextView */,
			);
		};
/* End PBXProject section */

/* Begin PBXResourcesBuildPhase section */
		41FBEB3D16E48351001517EC /* Resources */ = {
			isa = PBXResourcesBuildPhase;
			buildActionMask = 2147483647;
			files = (
				41FBEB4D16E48351001517EC /* InfoPlist.strings in Resources */,
				41FBEB5516E48351001517EC /* Default.png in Resources */,
				41FBEB5716E48351001517EC /* Default@2x.png in Resources */,
				41FBEB5916E48351001517EC /* Default-568h@2x.png in Resources */,
				41FBEB5F16E48351001517EC /* MOViewController.xib in Resources */,
				41550A6716E89DC2007F1CDF /* UnreadCountIndicator.png in Resources */,
				41550A6816E89DC2007F1CDF /* UnreadCountIndicator@2x.png in Resources */,
				417F54FC175C848900268AAE /* MOBadgeViewController.xib in Resources */,
			);
			runOnlyForDeploymentPostprocessing = 0;
		};
/* End PBXResourcesBuildPhase section */

/* Begin PBXSourcesBuildPhase section */
		41FBEB3B16E48351001517EC /* Sources */ = {
			isa = PBXSourcesBuildPhase;
			buildActionMask = 2147483647;
			files = (
				41FBEB4F16E48351001517EC /* main.m in Sources */,
				41FBEB5316E48351001517EC /* MOAppDelegate.m in Sources */,
				41FBEB5C16E48351001517EC /* MOViewController.m in Sources */,
				41FBEB6716E48366001517EC /* UICharCountingTextView.m in Sources */,
				41550A6B16E89DE1007F1CDF /* MOBadgeView.m in Sources */,
				417F54FB175C848900268AAE /* MOBadgeViewController.m in Sources */,
			);
			runOnlyForDeploymentPostprocessing = 0;
		};
/* End PBXSourcesBuildPhase section */

/* Begin PBXVariantGroup section */
		41FBEB4B16E48351001517EC /* InfoPlist.strings */ = {
			isa = PBXVariantGroup;
			children = (
				41FBEB4C16E48351001517EC /* en */,
			);
			name = InfoPlist.strings;
			sourceTree = "<group>";
		};
		41FBEB5D16E48351001517EC /* MOViewController.xib */ = {
			isa = PBXVariantGroup;
			children = (
				41FBEB5E16E48351001517EC /* en */,
			);
			name = MOViewController.xib;
			sourceTree = "<group>";
		};
/* End PBXVariantGroup section */

/* Begin XCBuildConfiguration section */
		41FBEB6016E48351001517EC /* Debug */ = {
			isa = XCBuildConfiguration;
			buildSettings = {
				ALWAYS_SEARCH_USER_PATHS = NO;
				CLANG_CXX_LANGUAGE_STANDARD = "gnu++0x";
				CLANG_CXX_LIBRARY = "libc++";
				CLANG_WARN_CONSTANT_CONVERSION = YES;
				CLANG_WARN_EMPTY_BODY = YES;
				CLANG_WARN_ENUM_CONVERSION = YES;
				CLANG_WARN_INT_CONVERSION = YES;
				CLANG_WARN__DUPLICATE_METHOD_MATCH = YES;
				"CODE_SIGN_IDENTITY[sdk=iphoneos*]" = "iPhone Developer";
				COPY_PHASE_STRIP = NO;
				GCC_C_LANGUAGE_STANDARD = gnu99;
				GCC_DYNAMIC_NO_PIC = NO;
				GCC_OPTIMIZATION_LEVEL = 0;
				GCC_PREPROCESSOR_DEFINITIONS = (
					"DEBUG=1",
					"$(inherited)",
				);
				GCC_SYMBOLS_PRIVATE_EXTERN = NO;
				GCC_WARN_ABOUT_RETURN_TYPE = YES;
				GCC_WARN_UNINITIALIZED_AUTOS = YES;
				GCC_WARN_UNUSED_VARIABLE = YES;
				IPHONEOS_DEPLOYMENT_TARGET = 5.0;
				ONLY_ACTIVE_ARCH = YES;
				SDKROOT = iphoneos;
			};
			name = Debug;
		};
		41FBEB6116E48351001517EC /* Release */ = {
			isa = XCBuildConfiguration;
			buildSettings = {
				ALWAYS_SEARCH_USER_PATHS = NO;
				CLANG_CXX_LANGUAGE_STANDARD = "gnu++0x";
				CLANG_CXX_LIBRARY = "libc++";
				CLANG_WARN_CONSTANT_CONVERSION = YES;
				CLANG_WARN_EMPTY_BODY = YES;
				CLANG_WARN_ENUM_CONVERSION = YES;
				CLANG_WARN_INT_CONVERSION = YES;
				CLANG_WARN__DUPLICATE_METHOD_MATCH = YES;
				"CODE_SIGN_IDENTITY[sdk=iphoneos*]" = "iPhone Developer";
				COPY_PHASE_STRIP = YES;
				GCC_C_LANGUAGE_STANDARD = gnu99;
				GCC_WARN_ABOUT_RETURN_TYPE = YES;
				GCC_WARN_UNINITIALIZED_AUTOS = YES;
				GCC_WARN_UNUSED_VARIABLE = YES;
				IPHONEOS_DEPLOYMENT_TARGET = 5.0;
				OTHER_CFLAGS = "-DNS_BLOCK_ASSERTIONS=1";
				SDKROOT = iphoneos;
				VALIDATE_PRODUCT = YES;
			};
			name = Release;
		};
		41FBEB6316E48351001517EC /* Debug */ = {
			isa = XCBuildConfiguration;
			buildSettings = {
				GCC_PRECOMPILE_PREFIX_HEADER = YES;
				GCC_PREFIX_HEADER = "PlaceHolerTextView/UICharCountingTextView-Prefix.pch";
				INFOPLIST_FILE = "PlaceHolerTextView/UICharCountingTextView-Info.plist";
				IPHONEOS_DEPLOYMENT_TARGET = 5.0;
				PRODUCT_NAME = UICharCountingTextView;
				WRAPPER_EXTENSION = app;
			};
			name = Debug;
		};
		41FBEB6416E48351001517EC /* Release */ = {
			isa = XCBuildConfiguration;
			buildSettings = {
				GCC_PRECOMPILE_PREFIX_HEADER = YES;
				GCC_PREFIX_HEADER = "PlaceHolerTextView/UICharCountingTextView-Prefix.pch";
				INFOPLIST_FILE = "PlaceHolerTextView/UICharCountingTextView-Info.plist";
				IPHONEOS_DEPLOYMENT_TARGET = 5.0;
				PRODUCT_NAME = UICharCountingTextView;
				WRAPPER_EXTENSION = app;
			};
			name = Release;
		};
/* End XCBuildConfiguration section */

/* Begin XCConfigurationList section */
		41FBEB3A16E48351001517EC /* Build configuration list for PBXProject "UICharCountingTextView" */ = {
			isa = XCConfigurationList;
			buildConfigurations = (
				41FBEB6016E48351001517EC /* Debug */,
				41FBEB6116E48351001517EC /* Release */,
			);
			defaultConfigurationIsVisible = 0;
			defaultConfigurationName = Release;
		};
		41FBEB6216E48351001517EC /* Build configuration list for PBXNativeTarget "UICharCountingTextView" */ = {
			isa = XCConfigurationList;
			buildConfigurations = (
				41FBEB6316E48351001517EC /* Debug */,
				41FBEB6416E48351001517EC /* Release */,
			);
			defaultConfigurationIsVisible = 0;
			defaultConfigurationName = Release;
		};
/* End XCConfigurationList section */
	};
	rootObject = 41FBEB3716E48351001517EC /* Project object */;
}
