// !$*UTF8*$!
{
	archiveVersion = 1;
	classes = {
	};
	objectVersion = 46;
	objects = {

/* Begin PBXBuildFile section */
		4106BC7716D710A0002CE101 /* UIKit.framework in Frameworks */ = {isa = PBXBuildFile; fileRef = 4106BC7616D710A0002CE101 /* UIKit.framework */; };
		4106BC7916D710A0002CE101 /* Foundation.framework in Frameworks */ = {isa = PBXBuildFile; fileRef = 4106BC7816D710A0002CE101 /* Foundation.framework */; };
		4106BC7B16D710A0002CE101 /* CoreGraphics.framework in Frameworks */ = {isa = PBXBuildFile; fileRef = 4106BC7A16D710A0002CE101 /* CoreGraphics.framework */; };
		4106BC8116D710A0002CE101 /* InfoPlist.strings in Resources */ = {isa = PBXBuildFile; fileRef = 4106BC7F16D710A0002CE101 /* InfoPlist.strings */; };
		4106BC8316D710A0002CE101 /* main.m in Sources */ = {isa = PBXBuildFile; fileRef = 4106BC8216D710A0002CE101 /* main.m */; };
		4106BC8716D710A0002CE101 /* MOAppDelegate.m in Sources */ = {isa = PBXBuildFile; fileRef = 4106BC8616D710A0002CE101 /* MOAppDelegate.m */; };
		4106BC8916D710A0002CE101 /* Default.png in Resources */ = {isa = PBXBuildFile; fileRef = 4106BC8816D710A0002CE101 /* Default.png */; };
		4106BC8B16D710A0002CE101 /* Default@2x.png in Resources */ = {isa = PBXBuildFile; fileRef = 4106BC8A16D710A0002CE101 /* Default@2x.png */; };
		4106BC8D16D710A0002CE101 /* Default-568h@2x.png in Resources */ = {isa = PBXBuildFile; fileRef = 4106BC8C16D710A0002CE101 /* Default-568h@2x.png */; };
		4106BC9016D710A0002CE101 /* MOImagePickerController.m in Sources */ = {isa = PBXBuildFile; fileRef = 4106BC8F16D710A0002CE101 /* MOImagePickerController.m */; };
		4106BC9316D710A0002CE101 /* MOViewController.xib in Resources */ = {isa = PBXBuildFile; fileRef = 4106BC9116D710A0002CE101 /* MOViewController.xib */; };
		4106BC9A16D710B1002CE101 /* 1.jpg in Resources */ = {isa = PBXBuildFile; fileRef = 4106BC9916D710B1002CE101 /* 1.jpg */; };
/* End PBXBuildFile section */

/* Begin PBXFileReference section */
		4106BC7316D710A0002CE101 /* TapGestureDemo.app */ = {isa = PBXFileReference; explicitFileType = wrapper.application; includeInIndex = 0; path = TapGestureDemo.app; sourceTree = BUILT_PRODUCTS_DIR; };
		4106BC7616D710A0002CE101 /* UIKit.framework */ = {isa = PBXFileReference; lastKnownFileType = wrapper.framework; name = UIKit.framework; path = System/Library/Frameworks/UIKit.framework; sourceTree = SDKROOT; };
		4106BC7816D710A0002CE101 /* Foundation.framework */ = {isa = PBXFileReference; lastKnownFileType = wrapper.framework; name = Foundation.framework; path = System/Library/Frameworks/Foundation.framework; sourceTree = SDKROOT; };
		4106BC7A16D710A0002CE101 /* CoreGraphics.framework */ = {isa = PBXFileReference; lastKnownFileType = wrapper.framework; name = CoreGraphics.framework; path = System/Library/Frameworks/CoreGraphics.framework; sourceTree = SDKROOT; };
		4106BC7E16D710A0002CE101 /* TapGestureDemo-Info.plist */ = {isa = PBXFileReference; lastKnownFileType = text.plist.xml; path = "TapGestureDemo-Info.plist"; sourceTree = "<group>"; };
		4106BC8016D710A0002CE101 /* en */ = {isa = PBXFileReference; lastKnownFileType = text.plist.strings; name = en; path = en.lproj/InfoPlist.strings; sourceTree = "<group>"; };
		4106BC8216D710A0002CE101 /* main.m */ = {isa = PBXFileReference; lastKnownFileType = sourcecode.c.objc; path = main.m; sourceTree = "<group>"; };
		4106BC8416D710A0002CE101 /* TapGestureDemo-Prefix.pch */ = {isa = PBXFileReference; lastKnownFileType = sourcecode.c.h; path = "TapGestureDemo-Prefix.pch"; sourceTree = "<group>"; };
		4106BC8516D710A0002CE101 /* MOAppDelegate.h */ = {isa = PBXFileReference; lastKnownFileType = sourcecode.c.h; path = MOAppDelegate.h; sourceTree = "<group>"; };
		4106BC8616D710A0002CE101 /* MOAppDelegate.m */ = {isa = PBXFileReference; lastKnownFileType = sourcecode.c.objc; path = MOAppDelegate.m; sourceTree = "<group>"; };
		4106BC8816D710A0002CE101 /* Default.png */ = {isa = PBXFileReference; lastKnownFileType = image.png; path = Default.png; sourceTree = "<group>"; };
		4106BC8A16D710A0002CE101 /* Default@2x.png */ = {isa = PBXFileReference; lastKnownFileType = image.png; path = "Default@2x.png"; sourceTree = "<group>"; };
		4106BC8C16D710A0002CE101 /* Default-568h@2x.png */ = {isa = PBXFileReference; lastKnownFileType = image.png; path = "Default-568h@2x.png"; sourceTree = "<group>"; };
		4106BC8E16D710A0002CE101 /* MOImagePickerViewController.h */ = {isa = PBXFileReference; lastKnownFileType = sourcecode.c.h; path = MOImagePickerViewController.h; sourceTree = "<group>"; };
		4106BC8F16D710A0002CE101 /* MOImagePickerController.m */ = {isa = PBXFileReference; lastKnownFileType = sourcecode.c.objc; path = MOImagePickerController.m; sourceTree = "<group>"; };
		4106BC9216D710A0002CE101 /* en */ = {isa = PBXFileReference; lastKnownFileType = file.xib; name = en; path = en.lproj/MOViewController.xib; sourceTree = "<group>"; };
		4106BC9916D710B1002CE101 /* 1.jpg */ = {isa = PBXFileReference; lastKnownFileType = image.jpeg; path = 1.jpg; sourceTree = "<group>"; };
/* End PBXFileReference section */

/* Begin PBXFrameworksBuildPhase section */
		4106BC7016D710A0002CE101 /* Frameworks */ = {
			isa = PBXFrameworksBuildPhase;
			buildActionMask = 2147483647;
			files = (
				4106BC7716D710A0002CE101 /* UIKit.framework in Frameworks */,
				4106BC7916D710A0002CE101 /* Foundation.framework in Frameworks */,
				4106BC7B16D710A0002CE101 /* CoreGraphics.framework in Frameworks */,
			);
			runOnlyForDeploymentPostprocessing = 0;
		};
/* End PBXFrameworksBuildPhase section */

/* Begin PBXGroup section */
		4106BC6A16D710A0002CE101 = {
			isa = PBXGroup;
			children = (
				4106BC7C16D710A0002CE101 /* TapGestureDemo */,
				4106BC7516D710A0002CE101 /* Frameworks */,
				4106BC7416D710A0002CE101 /* Products */,
			);
			sourceTree = "<group>";
		};
		4106BC7416D710A0002CE101 /* Products */ = {
			isa = PBXGroup;
			children = (
				4106BC7316D710A0002CE101 /* TapGestureDemo.app */,
			);
			name = Products;
			sourceTree = "<group>";
		};
		4106BC7516D710A0002CE101 /* Frameworks */ = {
			isa = PBXGroup;
			children = (
				4106BC7616D710A0002CE101 /* UIKit.framework */,
				4106BC7816D710A0002CE101 /* Foundation.framework */,
				4106BC7A16D710A0002CE101 /* CoreGraphics.framework */,
			);
			name = Frameworks;
			sourceTree = "<group>";
		};
		4106BC7C16D710A0002CE101 /* TapGestureDemo */ = {
			isa = PBXGroup;
			children = (
				4106BC8516D710A0002CE101 /* MOAppDelegate.h */,
				4106BC8616D710A0002CE101 /* MOAppDelegate.m */,
				4106BC8E16D710A0002CE101 /* MOImagePickerViewController.h */,
				4106BC8F16D710A0002CE101 /* MOImagePickerController.m */,
				4106BC9116D710A0002CE101 /* MOViewController.xib */,
				4106BC7D16D710A0002CE101 /* Supporting Files */,
			);
			path = TapGestureDemo;
			sourceTree = "<group>";
		};
		4106BC7D16D710A0002CE101 /* Supporting Files */ = {
			isa = PBXGroup;
			children = (
				4106BC9916D710B1002CE101 /* 1.jpg */,
				4106BC7E16D710A0002CE101 /* TapGestureDemo-Info.plist */,
				4106BC7F16D710A0002CE101 /* InfoPlist.strings */,
				4106BC8216D710A0002CE101 /* main.m */,
				4106BC8416D710A0002CE101 /* TapGestureDemo-Prefix.pch */,
				4106BC8816D710A0002CE101 /* Default.png */,
				4106BC8A16D710A0002CE101 /* Default@2x.png */,
				4106BC8C16D710A0002CE101 /* Default-568h@2x.png */,
			);
			name = "Supporting Files";
			sourceTree = "<group>";
		};
/* End PBXGroup section */

/* Begin PBXNativeTarget section */
		4106BC7216D710A0002CE101 /* TapGestureDemo */ = {
			isa = PBXNativeTarget;
			buildConfigurationList = 4106BC9616D710A0002CE101 /* Build configuration list for PBXNativeTarget "TapGestureDemo" */;
			buildPhases = (
				4106BC6F16D710A0002CE101 /* Sources */,
				4106BC7016D710A0002CE101 /* Frameworks */,
				4106BC7116D710A0002CE101 /* Resources */,
			);
			buildRules = (
			);
			dependencies = (
			);
			name = TapGestureDemo;
			productName = TapGestureDemo;
			productReference = 4106BC7316D710A0002CE101 /* TapGestureDemo.app */;
			productType = "com.apple.product-type.application";
		};
/* End PBXNativeTarget section */

/* Begin PBXProject section */
		4106BC6B16D710A0002CE101 /* Project object */ = {
			isa = PBXProject;
			attributes = {
				CLASSPREFIX = MO;
				LastUpgradeCheck = 0460;
				ORGANIZATIONNAME = mozat;
			};
			buildConfigurationList = 4106BC6E16D710A0002CE101 /* Build configuration list for PBXProject "TapGestureDemo" */;
			compatibilityVersion = "Xcode 3.2";
			developmentRegion = English;
			hasScannedForEncodings = 0;
			knownRegions = (
				en,
			);
			mainGroup = 4106BC6A16D710A0002CE101;
			productRefGroup = 4106BC7416D710A0002CE101 /* Products */;
			projectDirPath = "";
			projectRoot = "";
			targets = (
				4106BC7216D710A0002CE101 /* TapGestureDemo */,
			);
		};
/* End PBXProject section */

/* Begin PBXResourcesBuildPhase section */
		4106BC7116D710A0002CE101 /* Resources */ = {
			isa = PBXResourcesBuildPhase;
			buildActionMask = 2147483647;
			files = (
				4106BC8116D710A0002CE101 /* InfoPlist.strings in Resources */,
				4106BC8916D710A0002CE101 /* Default.png in Resources */,
				4106BC8B16D710A0002CE101 /* Default@2x.png in Resources */,
				4106BC8D16D710A0002CE101 /* Default-568h@2x.png in Resources */,
				4106BC9316D710A0002CE101 /* MOViewController.xib in Resources */,
				4106BC9A16D710B1002CE101 /* 1.jpg in Resources */,
			);
			runOnlyForDeploymentPostprocessing = 0;
		};
/* End PBXResourcesBuildPhase section */

/* Begin PBXSourcesBuildPhase section */
		4106BC6F16D710A0002CE101 /* Sources */ = {
			isa = PBXSourcesBuildPhase;
			buildActionMask = 2147483647;
			files = (
				4106BC8316D710A0002CE101 /* main.m in Sources */,
				4106BC8716D710A0002CE101 /* MOAppDelegate.m in Sources */,
				4106BC9016D710A0002CE101 /* MOImagePickerController.m in Sources */,
			);
			runOnlyForDeploymentPostprocessing = 0;
		};
/* End PBXSourcesBuildPhase section */

/* Begin PBXVariantGroup section */
		4106BC7F16D710A0002CE101 /* InfoPlist.strings */ = {
			isa = PBXVariantGroup;
			children = (
				4106BC8016D710A0002CE101 /* en */,
			);
			name = InfoPlist.strings;
			sourceTree = "<group>";
		};
		4106BC9116D710A0002CE101 /* MOViewController.xib */ = {
			isa = PBXVariantGroup;
			children = (
				4106BC9216D710A0002CE101 /* en */,
			);
			name = MOViewController.xib;
			sourceTree = "<group>";
		};
/* End PBXVariantGroup section */

/* Begin XCBuildConfiguration section */
		4106BC9416D710A0002CE101 /* Debug */ = {
			isa = XCBuildConfiguration;
			buildSettings = {
				ALWAYS_SEARCH_USER_PATHS = NO;
				CLANG_CXX_LANGUAGE_STANDARD = "gnu++0x";
				CLANG_CXX_LIBRARY = "libc++";
				CLANG_WARN_CONSTANT_CONVERSION = YES;
				CLANG_WARN_EMPTY_BODY = YES;
				CLANG_WARN_ENUM_CONVERSION = YES;
				CLANG_WARN_INT_CONVERSION = YES;
				CLANG_WARN__DUPLICATE_METHOD_MATCH = YES;
				"CODE_SIGN_IDENTITY[sdk=iphoneos*]" = "iPhone Developer";
				COPY_PHASE_STRIP = NO;
				GCC_C_LANGUAGE_STANDARD = gnu99;
				GCC_DYNAMIC_NO_PIC = NO;
				GCC_OPTIMIZATION_LEVEL = 0;
				GCC_PREPROCESSOR_DEFINITIONS = (
					"DEBUG=1",
					"$(inherited)",
				);
				GCC_SYMBOLS_PRIVATE_EXTERN = NO;
				GCC_WARN_ABOUT_RETURN_TYPE = YES;
				GCC_WARN_UNINITIALIZED_AUTOS = YES;
				GCC_WARN_UNUSED_VARIABLE = YES;
				IPHONEOS_DEPLOYMENT_TARGET = 5.0;
				ONLY_ACTIVE_ARCH = YES;
				SDKROOT = iphoneos;
			};
			name = Debug;
		};
		4106BC9516D710A0002CE101 /* Release */ = {
			isa = XCBuildConfiguration;
			buildSettings = {
				ALWAYS_SEARCH_USER_PATHS = NO;
				CLANG_CXX_LANGUAGE_STANDARD = "gnu++0x";
				CLANG_CXX_LIBRARY = "libc++";
				CLANG_WARN_CONSTANT_CONVERSION = YES;
				CLANG_WARN_EMPTY_BODY = YES;
				CLANG_WARN_ENUM_CONVERSION = YES;
				CLANG_WARN_INT_CONVERSION = YES;
				CLANG_WARN__DUPLICATE_METHOD_MATCH = YES;
				"CODE_SIGN_IDENTITY[sdk=iphoneos*]" = "iPhone Developer";
				COPY_PHASE_STRIP = YES;
				GCC_C_LANGUAGE_STANDARD = gnu99;
				GCC_WARN_ABOUT_RETURN_TYPE = YES;
				GCC_WARN_UNINITIALIZED_AUTOS = YES;
				GCC_WARN_UNUSED_VARIABLE = YES;
				IPHONEOS_DEPLOYMENT_TARGET = 5.0;
				OTHER_CFLAGS = "-DNS_BLOCK_ASSERTIONS=1";
				SDKROOT = iphoneos;
				VALIDATE_PRODUCT = YES;
			};
			name = Release;
		};
		4106BC9716D710A0002CE101 /* Debug */ = {
			isa = XCBuildConfiguration;
			buildSettings = {
				GCC_PRECOMPILE_PREFIX_HEADER = YES;
				GCC_PREFIX_HEADER = "TapGestureDemo/TapGestureDemo-Prefix.pch";
				INFOPLIST_FILE = "TapGestureDemo/TapGestureDemo-Info.plist";
				IPHONEOS_DEPLOYMENT_TARGET = 5.0;
				PRODUCT_NAME = "$(TARGET_NAME)";
				WRAPPER_EXTENSION = app;
			};
			name = Debug;
		};
		4106BC9816D710A0002CE101 /* Release */ = {
			isa = XCBuildConfiguration;
			buildSettings = {
				GCC_PRECOMPILE_PREFIX_HEADER = YES;
				GCC_PREFIX_HEADER = "TapGestureDemo/TapGestureDemo-Prefix.pch";
				INFOPLIST_FILE = "TapGestureDemo/TapGestureDemo-Info.plist";
				IPHONEOS_DEPLOYMENT_TARGET = 5.0;
				PRODUCT_NAME = "$(TARGET_NAME)";
				WRAPPER_EXTENSION = app;
			};
			name = Release;
		};
/* End XCBuildConfiguration section */

/* Begin XCConfigurationList section */
		4106BC6E16D710A0002CE101 /* Build configuration list for PBXProject "TapGestureDemo" */ = {
			isa = XCConfigurationList;
			buildConfigurations = (
				4106BC9416D710A0002CE101 /* Debug */,
				4106BC9516D710A0002CE101 /* Release */,
			);
			defaultConfigurationIsVisible = 0;
			defaultConfigurationName = Release;
		};
		4106BC9616D710A0002CE101 /* Build configuration list for PBXNativeTarget "TapGestureDemo" */ = {
			isa = XCConfigurationList;
			buildConfigurations = (
				4106BC9716D710A0002CE101 /* Debug */,
				4106BC9816D710A0002CE101 /* Release */,
			);
			defaultConfigurationIsVisible = 0;
			defaultConfigurationName = Release;
		};
/* End XCConfigurationList section */
	};
	rootObject = 4106BC6B16D710A0002CE101 /* Project object */;
}
