// !$*UTF8*$!
{
	archiveVersion = 1;
	classes = {
	};
	objectVersion = 46;
	objects = {

/* Begin PBXBuildFile section */
		419231AC16E81E6900EBF8A8 /* UIKit.framework in Frameworks */ = {isa = PBXBuildFile; fileRef = 419231AB16E81E6900EBF8A8 /* UIKit.framework */; };
		419231AE16E81E6900EBF8A8 /* Foundation.framework in Frameworks */ = {isa = PBXBuildFile; fileRef = 419231AD16E81E6900EBF8A8 /* Foundation.framework */; };
		419231B016E81E6900EBF8A8 /* CoreGraphics.framework in Frameworks */ = {isa = PBXBuildFile; fileRef = 419231AF16E81E6900EBF8A8 /* CoreGraphics.framework */; };
		419231B216E81E6900EBF8A8 /* CoreData.framework in Frameworks */ = {isa = PBXBuildFile; fileRef = 419231B116E81E6900EBF8A8 /* CoreData.framework */; };
		419231B816E81E6900EBF8A8 /* InfoPlist.strings in Resources */ = {isa = PBXBuildFile; fileRef = 419231B616E81E6900EBF8A8 /* InfoPlist.strings */; };
		419231BA16E81E6900EBF8A8 /* main.m in Sources */ = {isa = PBXBuildFile; fileRef = 419231B916E81E6900EBF8A8 /* main.m */; };
		419231BE16E81E6900EBF8A8 /* IODAppDelegate.m in Sources */ = {isa = PBXBuildFile; fileRef = 419231BD16E81E6900EBF8A8 /* IODAppDelegate.m */; };
		419231C016E81E6900EBF8A8 /* Default.png in Resources */ = {isa = PBXBuildFile; fileRef = 419231BF16E81E6900EBF8A8 /* Default.png */; };
		419231C216E81E6900EBF8A8 /* Default@2x.png in Resources */ = {isa = PBXBuildFile; fileRef = 419231C116E81E6900EBF8A8 /* Default@2x.png */; };
		419231C416E81E6900EBF8A8 /* Default-568h@2x.png in Resources */ = {isa = PBXBuildFile; fileRef = 419231C316E81E6900EBF8A8 /* Default-568h@2x.png */; };
		419231C716E81E6900EBF8A8 /* CoreDataPersistence.xcdatamodeld in Sources */ = {isa = PBXBuildFile; fileRef = 419231C516E81E6900EBF8A8 /* CoreDataPersistence.xcdatamodeld */; };
		419231D016E8221A00EBF8A8 /* IODPersistenceViewController.m in Sources */ = {isa = PBXBuildFile; fileRef = 419231CE16E8221A00EBF8A8 /* IODPersistenceViewController.m */; };
		419231D116E8221A00EBF8A8 /* IODPersistenceViewController.xib in Resources */ = {isa = PBXBuildFile; fileRef = 419231CF16E8221A00EBF8A8 /* IODPersistenceViewController.xib */; };
/* End PBXBuildFile section */

/* Begin PBXFileReference section */
		419231A816E81E6900EBF8A8 /* CoreDataPersistence.app */ = {isa = PBXFileReference; explicitFileType = wrapper.application; includeInIndex = 0; path = CoreDataPersistence.app; sourceTree = BUILT_PRODUCTS_DIR; };
		419231AB16E81E6900EBF8A8 /* UIKit.framework */ = {isa = PBXFileReference; lastKnownFileType = wrapper.framework; name = UIKit.framework; path = System/Library/Frameworks/UIKit.framework; sourceTree = SDKROOT; };
		419231AD16E81E6900EBF8A8 /* Foundation.framework */ = {isa = PBXFileReference; lastKnownFileType = wrapper.framework; name = Foundation.framework; path = System/Library/Frameworks/Foundation.framework; sourceTree = SDKROOT; };
		419231AF16E81E6900EBF8A8 /* CoreGraphics.framework */ = {isa = PBXFileReference; lastKnownFileType = wrapper.framework; name = CoreGraphics.framework; path = System/Library/Frameworks/CoreGraphics.framework; sourceTree = SDKROOT; };
		419231B116E81E6900EBF8A8 /* CoreData.framework */ = {isa = PBXFileReference; lastKnownFileType = wrapper.framework; name = CoreData.framework; path = System/Library/Frameworks/CoreData.framework; sourceTree = SDKROOT; };
		419231B516E81E6900EBF8A8 /* CoreDataPersistence-Info.plist */ = {isa = PBXFileReference; lastKnownFileType = text.plist.xml; path = "CoreDataPersistence-Info.plist"; sourceTree = "<group>"; };
		419231B716E81E6900EBF8A8 /* en */ = {isa = PBXFileReference; lastKnownFileType = text.plist.strings; name = en; path = en.lproj/InfoPlist.strings; sourceTree = "<group>"; };
		419231B916E81E6900EBF8A8 /* main.m */ = {isa = PBXFileReference; lastKnownFileType = sourcecode.c.objc; path = main.m; sourceTree = "<group>"; };
		419231BB16E81E6900EBF8A8 /* CoreDataPersistence-Prefix.pch */ = {isa = PBXFileReference; lastKnownFileType = sourcecode.c.h; path = "CoreDataPersistence-Prefix.pch"; sourceTree = "<group>"; };
		419231BC16E81E6900EBF8A8 /* IODAppDelegate.h */ = {isa = PBXFileReference; lastKnownFileType = sourcecode.c.h; path = IODAppDelegate.h; sourceTree = "<group>"; };
		419231BD16E81E6900EBF8A8 /* IODAppDelegate.m */ = {isa = PBXFileReference; lastKnownFileType = sourcecode.c.objc; path = IODAppDelegate.m; sourceTree = "<group>"; };
		419231BF16E81E6900EBF8A8 /* Default.png */ = {isa = PBXFileReference; lastKnownFileType = image.png; path = Default.png; sourceTree = "<group>"; };
		419231C116E81E6900EBF8A8 /* Default@2x.png */ = {isa = PBXFileReference; lastKnownFileType = image.png; path = "Default@2x.png"; sourceTree = "<group>"; };
		419231C316E81E6900EBF8A8 /* Default-568h@2x.png */ = {isa = PBXFileReference; lastKnownFileType = image.png; path = "Default-568h@2x.png"; sourceTree = "<group>"; };
		419231C616E81E6900EBF8A8 /* CoreDataPersistence.xcdatamodel */ = {isa = PBXFileReference; lastKnownFileType = wrapper.xcdatamodel; path = CoreDataPersistence.xcdatamodel; sourceTree = "<group>"; };
		419231CD16E8221A00EBF8A8 /* IODPersistenceViewController.h */ = {isa = PBXFileReference; fileEncoding = 4; lastKnownFileType = sourcecode.c.h; path = IODPersistenceViewController.h; sourceTree = "<group>"; };
		419231CE16E8221A00EBF8A8 /* IODPersistenceViewController.m */ = {isa = PBXFileReference; fileEncoding = 4; lastKnownFileType = sourcecode.c.objc; path = IODPersistenceViewController.m; sourceTree = "<group>"; };
		419231CF16E8221A00EBF8A8 /* IODPersistenceViewController.xib */ = {isa = PBXFileReference; fileEncoding = 4; lastKnownFileType = file.xib; path = IODPersistenceViewController.xib; sourceTree = "<group>"; };
/* End PBXFileReference section */

/* Begin PBXFrameworksBuildPhase section */
		419231A516E81E6900EBF8A8 /* Frameworks */ = {
			isa = PBXFrameworksBuildPhase;
			buildActionMask = 2147483647;
			files = (
				419231AC16E81E6900EBF8A8 /* UIKit.framework in Frameworks */,
				419231AE16E81E6900EBF8A8 /* Foundation.framework in Frameworks */,
				419231B016E81E6900EBF8A8 /* CoreGraphics.framework in Frameworks */,
				419231B216E81E6900EBF8A8 /* CoreData.framework in Frameworks */,
			);
			runOnlyForDeploymentPostprocessing = 0;
		};
/* End PBXFrameworksBuildPhase section */

/* Begin PBXGroup section */
		4192319F16E81E6900EBF8A8 = {
			isa = PBXGroup;
			children = (
				419231B316E81E6900EBF8A8 /* CoreDataPersistence */,
				419231AA16E81E6900EBF8A8 /* Frameworks */,
				419231A916E81E6900EBF8A8 /* Products */,
			);
			sourceTree = "<group>";
		};
		419231A916E81E6900EBF8A8 /* Products */ = {
			isa = PBXGroup;
			children = (
				419231A816E81E6900EBF8A8 /* CoreDataPersistence.app */,
			);
			name = Products;
			sourceTree = "<group>";
		};
		419231AA16E81E6900EBF8A8 /* Frameworks */ = {
			isa = PBXGroup;
			children = (
				419231AB16E81E6900EBF8A8 /* UIKit.framework */,
				419231AD16E81E6900EBF8A8 /* Foundation.framework */,
				419231AF16E81E6900EBF8A8 /* CoreGraphics.framework */,
				419231B116E81E6900EBF8A8 /* CoreData.framework */,
			);
			name = Frameworks;
			sourceTree = "<group>";
		};
		419231B316E81E6900EBF8A8 /* CoreDataPersistence */ = {
			isa = PBXGroup;
			children = (
				419231BC16E81E6900EBF8A8 /* IODAppDelegate.h */,
				419231BD16E81E6900EBF8A8 /* IODAppDelegate.m */,
				419231C516E81E6900EBF8A8 /* CoreDataPersistence.xcdatamodeld */,
				419231CD16E8221A00EBF8A8 /* IODPersistenceViewController.h */,
				419231CE16E8221A00EBF8A8 /* IODPersistenceViewController.m */,
				419231CF16E8221A00EBF8A8 /* IODPersistenceViewController.xib */,
				419231B416E81E6900EBF8A8 /* Supporting Files */,
			);
			path = CoreDataPersistence;
			sourceTree = "<group>";
		};
		419231B416E81E6900EBF8A8 /* Supporting Files */ = {
			isa = PBXGroup;
			children = (
				419231B516E81E6900EBF8A8 /* CoreDataPersistence-Info.plist */,
				419231B616E81E6900EBF8A8 /* InfoPlist.strings */,
				419231B916E81E6900EBF8A8 /* main.m */,
				419231BB16E81E6900EBF8A8 /* CoreDataPersistence-Prefix.pch */,
				419231BF16E81E6900EBF8A8 /* Default.png */,
				419231C116E81E6900EBF8A8 /* Default@2x.png */,
				419231C316E81E6900EBF8A8 /* Default-568h@2x.png */,
			);
			name = "Supporting Files";
			sourceTree = "<group>";
		};
/* End PBXGroup section */

/* Begin PBXNativeTarget section */
		419231A716E81E6900EBF8A8 /* CoreDataPersistence */ = {
			isa = PBXNativeTarget;
			buildConfigurationList = 419231CA16E81E6900EBF8A8 /* Build configuration list for PBXNativeTarget "CoreDataPersistence" */;
			buildPhases = (
				419231A416E81E6900EBF8A8 /* Sources */,
				419231A516E81E6900EBF8A8 /* Frameworks */,
				419231A616E81E6900EBF8A8 /* Resources */,
			);
			buildRules = (
			);
			dependencies = (
			);
			name = CoreDataPersistence;
			productName = CoreDataPersistence;
			productReference = 419231A816E81E6900EBF8A8 /* CoreDataPersistence.app */;
			productType = "com.apple.product-type.application";
		};
/* End PBXNativeTarget section */

/* Begin PBXProject section */
		419231A016E81E6900EBF8A8 /* Project object */ = {
			isa = PBXProject;
			attributes = {
				CLASSPREFIX = IOD;
				LastUpgradeCheck = 0460;
				ORGANIZATIONNAME = mozat;
			};
			buildConfigurationList = 419231A316E81E6900EBF8A8 /* Build configuration list for PBXProject "CoreDataPersistence" */;
			compatibilityVersion = "Xcode 3.2";
			developmentRegion = English;
			hasScannedForEncodings = 0;
			knownRegions = (
				en,
			);
			mainGroup = 4192319F16E81E6900EBF8A8;
			productRefGroup = 419231A916E81E6900EBF8A8 /* Products */;
			projectDirPath = "";
			projectRoot = "";
			targets = (
				419231A716E81E6900EBF8A8 /* CoreDataPersistence */,
			);
		};
/* End PBXProject section */

/* Begin PBXResourcesBuildPhase section */
		419231A616E81E6900EBF8A8 /* Resources */ = {
			isa = PBXResourcesBuildPhase;
			buildActionMask = 2147483647;
			files = (
				419231B816E81E6900EBF8A8 /* InfoPlist.strings in Resources */,
				419231C016E81E6900EBF8A8 /* Default.png in Resources */,
				419231C216E81E6900EBF8A8 /* Default@2x.png in Resources */,
				419231C416E81E6900EBF8A8 /* Default-568h@2x.png in Resources */,
				419231D116E8221A00EBF8A8 /* IODPersistenceViewController.xib in Resources */,
			);
			runOnlyForDeploymentPostprocessing = 0;
		};
/* End PBXResourcesBuildPhase section */

/* Begin PBXSourcesBuildPhase section */
		419231A416E81E6900EBF8A8 /* Sources */ = {
			isa = PBXSourcesBuildPhase;
			buildActionMask = 2147483647;
			files = (
				419231BA16E81E6900EBF8A8 /* main.m in Sources */,
				419231BE16E81E6900EBF8A8 /* IODAppDelegate.m in Sources */,
				419231C716E81E6900EBF8A8 /* CoreDataPersistence.xcdatamodeld in Sources */,
				419231D016E8221A00EBF8A8 /* IODPersistenceViewController.m in Sources */,
			);
			runOnlyForDeploymentPostprocessing = 0;
		};
/* End PBXSourcesBuildPhase section */

/* Begin PBXVariantGroup section */
		419231B616E81E6900EBF8A8 /* InfoPlist.strings */ = {
			isa = PBXVariantGroup;
			children = (
				419231B716E81E6900EBF8A8 /* en */,
			);
			name = InfoPlist.strings;
			sourceTree = "<group>";
		};
/* End PBXVariantGroup section */

/* Begin XCBuildConfiguration section */
		419231C816E81E6900EBF8A8 /* Debug */ = {
			isa = XCBuildConfiguration;
			buildSettings = {
				ALWAYS_SEARCH_USER_PATHS = NO;
				CLANG_CXX_LANGUAGE_STANDARD = "gnu++0x";
				CLANG_CXX_LIBRARY = "libc++";
				CLANG_WARN_CONSTANT_CONVERSION = YES;
				CLANG_WARN_EMPTY_BODY = YES;
				CLANG_WARN_ENUM_CONVERSION = YES;
				CLANG_WARN_INT_CONVERSION = YES;
				CLANG_WARN__DUPLICATE_METHOD_MATCH = YES;
				"CODE_SIGN_IDENTITY[sdk=iphoneos*]" = "iPhone Developer";
				COPY_PHASE_STRIP = NO;
				GCC_C_LANGUAGE_STANDARD = gnu99;
				GCC_DYNAMIC_NO_PIC = NO;
				GCC_OPTIMIZATION_LEVEL = 0;
				GCC_PREPROCESSOR_DEFINITIONS = (
					"DEBUG=1",
					"$(inherited)",
				);
				GCC_SYMBOLS_PRIVATE_EXTERN = NO;
				GCC_WARN_ABOUT_RETURN_TYPE = YES;
				GCC_WARN_UNINITIALIZED_AUTOS = YES;
				GCC_WARN_UNUSED_VARIABLE = YES;
				IPHONEOS_DEPLOYMENT_TARGET = 5.0;
				ONLY_ACTIVE_ARCH = YES;
				SDKROOT = iphoneos;
			};
			name = Debug;
		};
		419231C916E81E6900EBF8A8 /* Release */ = {
			isa = XCBuildConfiguration;
			buildSettings = {
				ALWAYS_SEARCH_USER_PATHS = NO;
				CLANG_CXX_LANGUAGE_STANDARD = "gnu++0x";
				CLANG_CXX_LIBRARY = "libc++";
				CLANG_WARN_CONSTANT_CONVERSION = YES;
				CLANG_WARN_EMPTY_BODY = YES;
				CLANG_WARN_ENUM_CONVERSION = YES;
				CLANG_WARN_INT_CONVERSION = YES;
				CLANG_WARN__DUPLICATE_METHOD_MATCH = YES;
				"CODE_SIGN_IDENTITY[sdk=iphoneos*]" = "iPhone Developer";
				COPY_PHASE_STRIP = YES;
				GCC_C_LANGUAGE_STANDARD = gnu99;
				GCC_WARN_ABOUT_RETURN_TYPE = YES;
				GCC_WARN_UNINITIALIZED_AUTOS = YES;
				GCC_WARN_UNUSED_VARIABLE = YES;
				IPHONEOS_DEPLOYMENT_TARGET = 5.0;
				OTHER_CFLAGS = "-DNS_BLOCK_ASSERTIONS=1";
				SDKROOT = iphoneos;
				VALIDATE_PRODUCT = YES;
			};
			name = Release;
		};
		419231CB16E81E6900EBF8A8 /* Debug */ = {
			isa = XCBuildConfiguration;
			buildSettings = {
				GCC_PRECOMPILE_PREFIX_HEADER = YES;
				GCC_PREFIX_HEADER = "CoreDataPersistence/CoreDataPersistence-Prefix.pch";
				INFOPLIST_FILE = "CoreDataPersistence/CoreDataPersistence-Info.plist";
				IPHONEOS_DEPLOYMENT_TARGET = 5.0;
				PRODUCT_NAME = "$(TARGET_NAME)";
				WRAPPER_EXTENSION = app;
			};
			name = Debug;
		};
		419231CC16E81E6900EBF8A8 /* Release */ = {
			isa = XCBuildConfiguration;
			buildSettings = {
				GCC_PRECOMPILE_PREFIX_HEADER = YES;
				GCC_PREFIX_HEADER = "CoreDataPersistence/CoreDataPersistence-Prefix.pch";
				INFOPLIST_FILE = "CoreDataPersistence/CoreDataPersistence-Info.plist";
				IPHONEOS_DEPLOYMENT_TARGET = 5.0;
				PRODUCT_NAME = "$(TARGET_NAME)";
				WRAPPER_EXTENSION = app;
			};
			name = Release;
		};
/* End XCBuildConfiguration section */

/* Begin XCConfigurationList section */
		419231A316E81E6900EBF8A8 /* Build configuration list for PBXProject "CoreDataPersistence" */ = {
			isa = XCConfigurationList;
			buildConfigurations = (
				419231C816E81E6900EBF8A8 /* Debug */,
				419231C916E81E6900EBF8A8 /* Release */,
			);
			defaultConfigurationIsVisible = 0;
			defaultConfigurationName = Release;
		};
		419231CA16E81E6900EBF8A8 /* Build configuration list for PBXNativeTarget "CoreDataPersistence" */ = {
			isa = XCConfigurationList;
			buildConfigurations = (
				419231CB16E81E6900EBF8A8 /* Debug */,
				419231CC16E81E6900EBF8A8 /* Release */,
			);
			defaultConfigurationIsVisible = 0;
		};
/* End XCConfigurationList section */

/* Begin XCVersionGroup section */
		419231C516E81E6900EBF8A8 /* CoreDataPersistence.xcdatamodeld */ = {
			isa = XCVersionGroup;
			children = (
				419231C616E81E6900EBF8A8 /* CoreDataPersistence.xcdatamodel */,
			);
			currentVersion = 419231C616E81E6900EBF8A8 /* CoreDataPersistence.xcdatamodel */;
			path = CoreDataPersistence.xcdatamodeld;
			sourceTree = "<group>";
			versionGroupType = wrapper.xcdatamodel;
		};
/* End XCVersionGroup section */
	};
	rootObject = 419231A016E81E6900EBF8A8 /* Project object */;
}
